
Microsoft Visual Studio Solution File, Format Version 12.00
# Visual Studio 15
VisualStudioVersion = 15.0.27130.2024
MinimumVisualStudioVersion = 10.0.40219.1
Project("{FAE04EC0-301F-11D3-BF4B-00C04F79EFBC}") = "CustomParser", "ActiaParser\CustomParser.csproj", "{A668C4C6-0BC5-44E9-884C-C36E00EBC276}"
EndProject
Project("{2150E333-8FDC-42A3-9474-1A3956D46DE8}") = "Externals", "Externals", "{6E7417DF-5272-430D-AA5A-7E40A45E8E45}"
EndProject
Project("{FAE04EC0-301F-11D3-BF4B-00C04F79EFBC}") = "ArtLogics.Translation.Parser", "..\..\ArtLogics.Translation.Parser\ArtLogics.Translation.Parser.csproj", "{B184A3D6-4DE6-43B4-9333-EDC6FF671BBB}"
EndProject
Project("{2150E333-8FDC-42A3-9474-1A3956D46DE8}") = "V4", "V4", "{B4D41375-0CA6-4D25-B527-5EB0427ACA5A}"
EndProject
Project("{2150E333-8FDC-42A3-9474-1A3956D46DE8}") = "Parser", "Parser", "{D3C70845-C4F4-4779-9121-EE9352F77FC2}"
EndProject
Project("{2150E333-8FDC-42A3-9474-1A3956D46DE8}") = "Actions", "Actions", "{1CD2B4F5-3DA0-4DDB-ADF3-812C3ADF66E1}"
EndProject
Project("{FAE04EC0-301F-11D3-BF4B-00C04F79EFBC}") = "ArtLogics.TestSuite.Actions", "..\..\..\..\ArtLogics.TestSuite.Actions\ArtLogics.TestSuite.Actions.csproj", "{6B5B0CB5-312F-4DFF-894B-02FC455BE010}"
EndProject
Project("{2150E333-8FDC-42A3-9474-1A3956D46DE8}") = "Communication", "Communication", "{618EDF4A-698F-4020-A726-F4BA1496A872}"
EndProject
Project("{FAE04EC0-301F-11D3-BF4B-00C04F79EFBC}") = "ArtLogics.TestSuite.DevXlate", "..\..\..\..\ArtLogics.TestSuite.DevXlate\ArtLogics.TestSuite.DevXlate.csproj", "{0CCA2999-106B-419A-9927-F5FA3180639D}"
EndProject
Project("{2150E333-8FDC-42A3-9474-1A3956D46DE8}") = "Essentials", "Essentials", "{9873C13E-AF1C-4D4A-A7EA-B02BAC99B9ED}"
EndProject
Project("{FAE04EC0-301F-11D3-BF4B-00C04F79EFBC}") = "ArtLogics.Common.GlobalVariable", "..\..\..\..\externals\CommonModels\ArtLogics.Common.GlobalVar\ArtLogics.Common.GlobalVariable\ArtLogics.Common.GlobalVariable.csproj", "{32174F4E-9940-44E6-AD2F-8220F4BAD9CA}"
EndProject
Project("{FAE04EC0-301F-11D3-BF4B-00C04F79EFBC}") = "ARTlogics.Common.Licensing", "..\..\..\..\externals\Licensing\ARTlogics.TestSuite.Licensing\ARTlogics.Common.Licensing.csproj", "{58770CF2-8C82-4BB8-8CBF-AB015808922F}"
EndProject
Project("{FAE04EC0-301F-11D3-BF4B-00C04F79EFBC}") = "ArtLogics.Common.UserManagements", "..\..\..\..\externals\CommonModels\ArtLogics.Common.UserManagements\ArtLogics.Common.UserManagements\ArtLogics.Common.UserManagements.csproj", "{FD26A503-9D90-4BAD-9F80-0D9B309C9D1F}"
EndProject
Project("{2150E333-8FDC-42A3-9474-1A3956D46DE8}") = "Result", "Result", "{B9A31819-7CBF-4532-95CC-2DC8E1A87E94}"
EndProject
Project("{FAE04EC0-301F-11D3-BF4B-00C04F79EFBC}") = "ArtLogics.TestSuite.TestResults", "..\..\..\..\ArtLogics.TestSuite.TestResult\ArtLogics.TestSuite.TestResults.csproj", "{31DEAF23-E4C4-4022-B9DB-A13C5D96F7F7}"
EndProject
Project("{2150E333-8FDC-42A3-9474-1A3956D46DE8}") = "Rst2Cmd", "Rst2Cmd", "{69E195C4-BF7E-40CB-8B1A-B30321FC70A3}"
EndProject
Project("{FAE04EC0-301F-11D3-BF4B-00C04F79EFBC}") = "ArtLogics.TestSuite.Lexical", "..\..\..\..\ArtLogics.TestSuite.Lexical\ArtLogics.TestSuite.Lexical.csproj", "{076C6822-F170-4B6D-A3A5-6048B56135AC}"
EndProject
Project("{2150E333-8FDC-42A3-9474-1A3956D46DE8}") = "Shared", "Shared", "{750D24C9-A576-4619-9E52-18B4214294B7}"
EndProject
Project("{FAE04EC0-301F-11D3-BF4B-00C04F79EFBC}") = "ArtLogics.TestSuite.Common", "..\..\..\..\ArtLogics.TestSuite.Common\ArtLogics.TestSuite.Common.csproj", "{DFE778EF-EB77-4787-BBB1-1CE62F4C181D}"
EndProject
Project("{FAE04EC0-301F-11D3-BF4B-00C04F79EFBC}") = "ArtLogics.TestSuite.Configuration", "..\..\..\..\ArtLogics.Configuration\ArtLogics.TestSuite.Configuration.csproj", "{EA41FB05-74EA-451F-AC70-707FF17B36BE}"
EndProject
Project("{FAE04EC0-301F-11D3-BF4B-00C04F79EFBC}") = "ArtLogics.TestSuite.Services", "..\..\..\..\ArtLogics.Services\ArtLogics.TestSuite.Services.csproj", "{58972EFE-7678-47F0-96C0-CADC5CD3CBB7}"
EndProject
Project("{2150E333-8FDC-42A3-9474-1A3956D46DE8}") = "Utilities", "Utilities", "{A82800BE-E507-40E3-A472-60F99C9432B9}"
EndProject
Project("{FAE04EC0-301F-11D3-BF4B-00C04F79EFBC}") = "ArtLogics.Common.Ui.Resources", "..\..\..\..\externals\CommonModels\ArtLogics.Common.Ui.Resources\ArtLogics.Common.Ui.Resources\ArtLogics.Common.Ui.Resources\ArtLogics.Common.Ui.Resources.csproj", "{44608986-A141-45A3-92A6-EF1B1633DB1E}"
EndProject
Project("{FAE04EC0-301F-11D3-BF4B-00C04F79EFBC}") = "ArtLogics.TestSuite.Extensions", "..\..\..\..\ArtLogics.Common.Extensions\ArtLogics.TestSuite.Extensions.csproj", "{F35112F5-0584-420B-BEF1-C435AD24DC4C}"
EndProject
Project("{FAE04EC0-301F-11D3-BF4B-00C04F79EFBC}") = "ArtLogics.TestSuite.Serialization", "..\..\..\..\externals\CommonModels\ArtLogics.Common.Utilities\ArtLogics.Common.Utilities.Database\ArtLogics.TestSuite.Serialization.csproj", "{AA923C43-FE04-48DD-A6F4-7938ADD9C0D5}"
EndProject
Project("{FAE04EC0-301F-11D3-BF4B-00C04F79EFBC}") = "ArtLogics.TestSuite.Boards", "..\..\..\..\ArtLogics.TestSuite.Devices\ArtLogics.TestSuite.Boards.csproj", "{4DE580F2-3F11-4C24-B319-437875087DD3}"
EndProject
Project("{FAE04EC0-301F-11D3-BF4B-00C04F79EFBC}") = "ArtLogics.TestSuite.Environment", "..\..\..\..\ArtLogics.TestSuite.Workspace\ArtLogics.TestSuite.Environment.csproj", "{26CADEAD-AC55-41C9-98BF-D74D13B249D7}"
EndProject
Project("{FAE04EC0-301F-11D3-BF4B-00C04F79EFBC}") = "ArtLogics.TestSuite.Limits", "..\..\..\..\ArtLogics.TestSuite.Limits\ArtLogics.TestSuite.Limits.csproj", "{AFCB6FD5-3177-4D2A-888F-36BCD9832C22}"
EndProject
Project("{FAE04EC0-301F-11D3-BF4B-00C04F79EFBC}") = "ArtLogics.TestSuite.Missions", "..\..\..\..\ArtLogics.TestSuite.Mission\ArtLogics.TestSuite.Missions.csproj", "{00114E82-8E6E-4DB7-8677-40DAC67C2A7A}"
EndProject
Project("{FAE04EC0-301F-11D3-BF4B-00C04F79EFBC}") = "ArtLogics.TestSuite.Operations", "..\..\..\..\ArtLogics.TestSuite.Operation\ArtLogics.TestSuite.Operations.csproj", "{58C27D94-F8D9-4E6B-AC60-FD184747648A}"
EndProject
Project("{FAE04EC0-301F-11D3-BF4B-00C04F79EFBC}") = "ArtLogics.TestSuite.Sequences", "..\..\..\..\ArtLogics.TestSuite.Sequence\ArtLogics.TestSuite.Sequences.csproj", "{65B26D38-5257-45B5-B814-A2F0489B8D41}"
EndProject
Project("{FAE04EC0-301F-11D3-BF4B-00C04F79EFBC}") = "ArtLogics.TestSuite.Shared", "..\..\..\..\ArtLogics.TestSuite.Shared\ArtLogics.TestSuite.Shared.csproj", "{EFABEE46-3467-4BB3-A27C-7324F3C385F0}"
EndProject
Project("{FAE04EC0-301F-11D3-BF4B-00C04F79EFBC}") = "ArtLogics.TestSuite.StateMachines", "..\..\..\..\ArtLogics.TestSuite.Statemachine\ArtLogics.TestSuite.StateMachines.csproj", "{8B84ED56-B5EE-458F-8E1C-A029E69C75E7}"
EndProject
Project("{FAE04EC0-301F-11D3-BF4B-00C04F79EFBC}") = "ArtLogics.TestSuite.Testing", "..\..\..\..\ArtLogics.TestSuite.Testing\ArtLogics.TestSuite.Testing.csproj", "{67498EFA-91FE-413E-B246-D6B28280C7FD}"
EndProject
Project("{FAE04EC0-301F-11D3-BF4B-00C04F79EFBC}") = "ArtLogics.TestSuite.Testing.Actions", "..\..\..\..\ArtLogics.TestSuite.Testing.Actions\ArtLogics.TestSuite.Testing.Actions.csproj", "{7CF7CCE8-630B-40A6-BC24-476E9CE5934E}"
EndProject
Project("{FAE04EC0-301F-11D3-BF4B-00C04F79EFBC}") = "ArtLogics.TestSuite.Testing.Actions.User", "..\..\..\..\ArtLogics.TestSuite.User.Actions\ArtLogics.TestSuite.Testing.Actions.User.csproj", "{7AF6D65A-FDDE-4991-AEA6-D6F6C02449E2}"
EndProject
Project("{FAE04EC0-301F-11D3-BF4B-00C04F79EFBC}") = "ArtLogics.TestSuite.Testing.Actions.Report", "..\..\..\..\ArtLogics.TestSuite.Testing.Actions.Report\ArtLogics.TestSuite.Testing.Actions.Report.csproj", "{B7F104E0-B1D6-4DF3-B575-09EE1E27A1A1}"
EndProject
Global
	GlobalSection(SolutionConfigurationPlatforms) = preSolution
		AES|Any CPU = AES|Any CPU
		AES|x64 = AES|x64
		AES|x86 = AES|x86
		Debug|Any CPU = Debug|Any CPU
		Debug|x64 = Debug|x64
		Debug|x86 = Debug|x86
		DebugAES|Any CPU = DebugAES|Any CPU
		DebugAES|x64 = DebugAES|x64
		DebugAES|x86 = DebugAES|x86
		DebugRsa|Any CPU = DebugRsa|Any CPU
		DebugRsa|x64 = DebugRsa|x64
		DebugRsa|x86 = DebugRsa|x86
		Release|Any CPU = Release|Any CPU
		Release|x64 = Release|x64
		Release|x86 = Release|x86
		RSA|Any CPU = RSA|Any CPU
		RSA|x64 = RSA|x64
		RSA|x86 = RSA|x86
	EndGlobalSection
	GlobalSection(ProjectConfigurationPlatforms) = postSolution
		{A668C4C6-0BC5-44E9-884C-C36E00EBC276}.AES|Any CPU.ActiveCfg = Release|Any CPU
		{A668C4C6-0BC5-44E9-884C-C36E00EBC276}.AES|Any CPU.Build.0 = Release|Any CPU
		{A668C4C6-0BC5-44E9-884C-C36E00EBC276}.AES|x64.ActiveCfg = Release|Any CPU
		{A668C4C6-0BC5-44E9-884C-C36E00EBC276}.AES|x64.Build.0 = Release|Any CPU
		{A668C4C6-0BC5-44E9-884C-C36E00EBC276}.AES|x86.ActiveCfg = Release|Any CPU
		{A668C4C6-0BC5-44E9-884C-C36E00EBC276}.AES|x86.Build.0 = Release|Any CPU
		{A668C4C6-0BC5-44E9-884C-C36E00EBC276}.Debug|Any CPU.ActiveCfg = Debug|Any CPU
		{A668C4C6-0BC5-44E9-884C-C36E00EBC276}.Debug|Any CPU.Build.0 = Debug|Any CPU
		{A668C4C6-0BC5-44E9-884C-C36E00EBC276}.Debug|x64.ActiveCfg = Debug|Any CPU
		{A668C4C6-0BC5-44E9-884C-C36E00EBC276}.Debug|x64.Build.0 = Debug|Any CPU
		{A668C4C6-0BC5-44E9-884C-C36E00EBC276}.Debug|x86.ActiveCfg = Debug|Any CPU
		{A668C4C6-0BC5-44E9-884C-C36E00EBC276}.Debug|x86.Build.0 = Debug|Any CPU
		{A668C4C6-0BC5-44E9-884C-C36E00EBC276}.DebugAES|Any CPU.ActiveCfg = Debug|Any CPU
		{A668C4C6-0BC5-44E9-884C-C36E00EBC276}.DebugAES|Any CPU.Build.0 = Debug|Any CPU
		{A668C4C6-0BC5-44E9-884C-C36E00EBC276}.DebugAES|x64.ActiveCfg = Debug|Any CPU
		{A668C4C6-0BC5-44E9-884C-C36E00EBC276}.DebugAES|x64.Build.0 = Debug|Any CPU
		{A668C4C6-0BC5-44E9-884C-C36E00EBC276}.DebugAES|x86.ActiveCfg = Debug|Any CPU
		{A668C4C6-0BC5-44E9-884C-C36E00EBC276}.DebugAES|x86.Build.0 = Debug|Any CPU
		{A668C4C6-0BC5-44E9-884C-C36E00EBC276}.DebugRsa|Any CPU.ActiveCfg = Debug|Any CPU
		{A668C4C6-0BC5-44E9-884C-C36E00EBC276}.DebugRsa|Any CPU.Build.0 = Debug|Any CPU
		{A668C4C6-0BC5-44E9-884C-C36E00EBC276}.DebugRsa|x64.ActiveCfg = Debug|Any CPU
		{A668C4C6-0BC5-44E9-884C-C36E00EBC276}.DebugRsa|x64.Build.0 = Debug|Any CPU
		{A668C4C6-0BC5-44E9-884C-C36E00EBC276}.DebugRsa|x86.ActiveCfg = Debug|Any CPU
		{A668C4C6-0BC5-44E9-884C-C36E00EBC276}.DebugRsa|x86.Build.0 = Debug|Any CPU
		{A668C4C6-0BC5-44E9-884C-C36E00EBC276}.Release|Any CPU.ActiveCfg = Release|Any CPU
		{A668C4C6-0BC5-44E9-884C-C36E00EBC276}.Release|Any CPU.Build.0 = Release|Any CPU
		{A668C4C6-0BC5-44E9-884C-C36E00EBC276}.Release|x64.ActiveCfg = Release|Any CPU
		{A668C4C6-0BC5-44E9-884C-C36E00EBC276}.Release|x64.Build.0 = Release|Any CPU
		{A668C4C6-0BC5-44E9-884C-C36E00EBC276}.Release|x86.ActiveCfg = Release|Any CPU
		{A668C4C6-0BC5-44E9-884C-C36E00EBC276}.Release|x86.Build.0 = Release|Any CPU
		{A668C4C6-0BC5-44E9-884C-C36E00EBC276}.RSA|Any CPU.ActiveCfg = Release|Any CPU
		{A668C4C6-0BC5-44E9-884C-C36E00EBC276}.RSA|Any CPU.Build.0 = Release|Any CPU
		{A668C4C6-0BC5-44E9-884C-C36E00EBC276}.RSA|x64.ActiveCfg = Release|Any CPU
		{A668C4C6-0BC5-44E9-884C-C36E00EBC276}.RSA|x64.Build.0 = Release|Any CPU
		{A668C4C6-0BC5-44E9-884C-C36E00EBC276}.RSA|x86.ActiveCfg = Release|Any CPU
		{A668C4C6-0BC5-44E9-884C-C36E00EBC276}.RSA|x86.Build.0 = Release|Any CPU
		{B184A3D6-4DE6-43B4-9333-EDC6FF671BBB}.AES|Any CPU.ActiveCfg = Release|Any CPU
		{B184A3D6-4DE6-43B4-9333-EDC6FF671BBB}.AES|Any CPU.Build.0 = Release|Any CPU
		{B184A3D6-4DE6-43B4-9333-EDC6FF671BBB}.AES|x64.ActiveCfg = Release|Any CPU
		{B184A3D6-4DE6-43B4-9333-EDC6FF671BBB}.AES|x64.Build.0 = Release|Any CPU
		{B184A3D6-4DE6-43B4-9333-EDC6FF671BBB}.AES|x86.ActiveCfg = Release|Any CPU
		{B184A3D6-4DE6-43B4-9333-EDC6FF671BBB}.AES|x86.Build.0 = Release|Any CPU
		{B184A3D6-4DE6-43B4-9333-EDC6FF671BBB}.Debug|Any CPU.ActiveCfg = Debug|Any CPU
		{B184A3D6-4DE6-43B4-9333-EDC6FF671BBB}.Debug|Any CPU.Build.0 = Debug|Any CPU
		{B184A3D6-4DE6-43B4-9333-EDC6FF671BBB}.Debug|x64.ActiveCfg = Debug|Any CPU
		{B184A3D6-4DE6-43B4-9333-EDC6FF671BBB}.Debug|x64.Build.0 = Debug|Any CPU
		{B184A3D6-4DE6-43B4-9333-EDC6FF671BBB}.Debug|x86.ActiveCfg = Debug|Any CPU
		{B184A3D6-4DE6-43B4-9333-EDC6FF671BBB}.Debug|x86.Build.0 = Debug|Any CPU
		{B184A3D6-4DE6-43B4-9333-EDC6FF671BBB}.DebugAES|Any CPU.ActiveCfg = Debug|Any CPU
		{B184A3D6-4DE6-43B4-9333-EDC6FF671BBB}.DebugAES|Any CPU.Build.0 = Debug|Any CPU
		{B184A3D6-4DE6-43B4-9333-EDC6FF671BBB}.DebugAES|x64.ActiveCfg = Debug|Any CPU
		{B184A3D6-4DE6-43B4-9333-EDC6FF671BBB}.DebugAES|x64.Build.0 = Debug|Any CPU
		{B184A3D6-4DE6-43B4-9333-EDC6FF671BBB}.DebugAES|x86.ActiveCfg = Debug|Any CPU
		{B184A3D6-4DE6-43B4-9333-EDC6FF671BBB}.DebugAES|x86.Build.0 = Debug|Any CPU
		{B184A3D6-4DE6-43B4-9333-EDC6FF671BBB}.DebugRsa|Any CPU.ActiveCfg = Debug|Any CPU
		{B184A3D6-4DE6-43B4-9333-EDC6FF671BBB}.DebugRsa|Any CPU.Build.0 = Debug|Any CPU
		{B184A3D6-4DE6-43B4-9333-EDC6FF671BBB}.DebugRsa|x64.ActiveCfg = Debug|Any CPU
		{B184A3D6-4DE6-43B4-9333-EDC6FF671BBB}.DebugRsa|x64.Build.0 = Debug|Any CPU
		{B184A3D6-4DE6-43B4-9333-EDC6FF671BBB}.DebugRsa|x86.ActiveCfg = Debug|Any CPU
		{B184A3D6-4DE6-43B4-9333-EDC6FF671BBB}.DebugRsa|x86.Build.0 = Debug|Any CPU
		{B184A3D6-4DE6-43B4-9333-EDC6FF671BBB}.Release|Any CPU.ActiveCfg = Release|Any CPU
		{B184A3D6-4DE6-43B4-9333-EDC6FF671BBB}.Release|Any CPU.Build.0 = Release|Any CPU
		{B184A3D6-4DE6-43B4-9333-EDC6FF671BBB}.Release|x64.ActiveCfg = Release|Any CPU
		{B184A3D6-4DE6-43B4-9333-EDC6FF671BBB}.Release|x64.Build.0 = Release|Any CPU
		{B184A3D6-4DE6-43B4-9333-EDC6FF671BBB}.Release|x86.ActiveCfg = Release|Any CPU
		{B184A3D6-4DE6-43B4-9333-EDC6FF671BBB}.Release|x86.Build.0 = Release|Any CPU
		{B184A3D6-4DE6-43B4-9333-EDC6FF671BBB}.RSA|Any CPU.ActiveCfg = Release|Any CPU
		{B184A3D6-4DE6-43B4-9333-EDC6FF671BBB}.RSA|Any CPU.Build.0 = Release|Any CPU
		{B184A3D6-4DE6-43B4-9333-EDC6FF671BBB}.RSA|x64.ActiveCfg = Release|Any CPU
		{B184A3D6-4DE6-43B4-9333-EDC6FF671BBB}.RSA|x64.Build.0 = Release|Any CPU
		{B184A3D6-4DE6-43B4-9333-EDC6FF671BBB}.RSA|x86.ActiveCfg = Release|Any CPU
		{B184A3D6-4DE6-43B4-9333-EDC6FF671BBB}.RSA|x86.Build.0 = Release|Any CPU
		{6B5B0CB5-312F-4DFF-894B-02FC455BE010}.AES|Any CPU.ActiveCfg = Release|Any CPU
		{6B5B0CB5-312F-4DFF-894B-02FC455BE010}.AES|Any CPU.Build.0 = Release|Any CPU
		{6B5B0CB5-312F-4DFF-894B-02FC455BE010}.AES|x64.ActiveCfg = Release|Any CPU
		{6B5B0CB5-312F-4DFF-894B-02FC455BE010}.AES|x64.Build.0 = Release|Any CPU
		{6B5B0CB5-312F-4DFF-894B-02FC455BE010}.AES|x86.ActiveCfg = Release|Any CPU
		{6B5B0CB5-312F-4DFF-894B-02FC455BE010}.AES|x86.Build.0 = Release|Any CPU
		{6B5B0CB5-312F-4DFF-894B-02FC455BE010}.Debug|Any CPU.ActiveCfg = Debug|Any CPU
		{6B5B0CB5-312F-4DFF-894B-02FC455BE010}.Debug|Any CPU.Build.0 = Debug|Any CPU
		{6B5B0CB5-312F-4DFF-894B-02FC455BE010}.Debug|x64.ActiveCfg = Debug|Any CPU
		{6B5B0CB5-312F-4DFF-894B-02FC455BE010}.Debug|x64.Build.0 = Debug|Any CPU
		{6B5B0CB5-312F-4DFF-894B-02FC455BE010}.Debug|x86.ActiveCfg = Debug|Any CPU
		{6B5B0CB5-312F-4DFF-894B-02FC455BE010}.Debug|x86.Build.0 = Debug|Any CPU
		{6B5B0CB5-312F-4DFF-894B-02FC455BE010}.DebugAES|Any CPU.ActiveCfg = Debug|Any CPU
		{6B5B0CB5-312F-4DFF-894B-02FC455BE010}.DebugAES|Any CPU.Build.0 = Debug|Any CPU
		{6B5B0CB5-312F-4DFF-894B-02FC455BE010}.DebugAES|x64.ActiveCfg = Debug|Any CPU
		{6B5B0CB5-312F-4DFF-894B-02FC455BE010}.DebugAES|x64.Build.0 = Debug|Any CPU
		{6B5B0CB5-312F-4DFF-894B-02FC455BE010}.DebugAES|x86.ActiveCfg = Debug|Any CPU
		{6B5B0CB5-312F-4DFF-894B-02FC455BE010}.DebugAES|x86.Build.0 = Debug|Any CPU
		{6B5B0CB5-312F-4DFF-894B-02FC455BE010}.DebugRsa|Any CPU.ActiveCfg = Debug|Any CPU
		{6B5B0CB5-312F-4DFF-894B-02FC455BE010}.DebugRsa|Any CPU.Build.0 = Debug|Any CPU
		{6B5B0CB5-312F-4DFF-894B-02FC455BE010}.DebugRsa|x64.ActiveCfg = Debug|Any CPU
		{6B5B0CB5-312F-4DFF-894B-02FC455BE010}.DebugRsa|x64.Build.0 = Debug|Any CPU
		{6B5B0CB5-312F-4DFF-894B-02FC455BE010}.DebugRsa|x86.ActiveCfg = Debug|Any CPU
		{6B5B0CB5-312F-4DFF-894B-02FC455BE010}.DebugRsa|x86.Build.0 = Debug|Any CPU
		{6B5B0CB5-312F-4DFF-894B-02FC455BE010}.Release|Any CPU.ActiveCfg = Release|Any CPU
		{6B5B0CB5-312F-4DFF-894B-02FC455BE010}.Release|Any CPU.Build.0 = Release|Any CPU
		{6B5B0CB5-312F-4DFF-894B-02FC455BE010}.Release|x64.ActiveCfg = Release|Any CPU
		{6B5B0CB5-312F-4DFF-894B-02FC455BE010}.Release|x64.Build.0 = Release|Any CPU
		{6B5B0CB5-312F-4DFF-894B-02FC455BE010}.Release|x86.ActiveCfg = Release|Any CPU
		{6B5B0CB5-312F-4DFF-894B-02FC455BE010}.Release|x86.Build.0 = Release|Any CPU
		{6B5B0CB5-312F-4DFF-894B-02FC455BE010}.RSA|Any CPU.ActiveCfg = Release|Any CPU
		{6B5B0CB5-312F-4DFF-894B-02FC455BE010}.RSA|Any CPU.Build.0 = Release|Any CPU
		{6B5B0CB5-312F-4DFF-894B-02FC455BE010}.RSA|x64.ActiveCfg = Release|Any CPU
		{6B5B0CB5-312F-4DFF-894B-02FC455BE010}.RSA|x64.Build.0 = Release|Any CPU
		{6B5B0CB5-312F-4DFF-894B-02FC455BE010}.RSA|x86.ActiveCfg = Release|Any CPU
		{6B5B0CB5-312F-4DFF-894B-02FC455BE010}.RSA|x86.Build.0 = Release|Any CPU
		{0CCA2999-106B-419A-9927-F5FA3180639D}.AES|Any CPU.ActiveCfg = Release|Any CPU
		{0CCA2999-106B-419A-9927-F5FA3180639D}.AES|Any CPU.Build.0 = Release|Any CPU
		{0CCA2999-106B-419A-9927-F5FA3180639D}.AES|x64.ActiveCfg = Release|Any CPU
		{0CCA2999-106B-419A-9927-F5FA3180639D}.AES|x64.Build.0 = Release|Any CPU
		{0CCA2999-106B-419A-9927-F5FA3180639D}.AES|x86.ActiveCfg = Release|Any CPU
		{0CCA2999-106B-419A-9927-F5FA3180639D}.AES|x86.Build.0 = Release|Any CPU
		{0CCA2999-106B-419A-9927-F5FA3180639D}.Debug|Any CPU.ActiveCfg = Debug|Any CPU
		{0CCA2999-106B-419A-9927-F5FA3180639D}.Debug|Any CPU.Build.0 = Debug|Any CPU
		{0CCA2999-106B-419A-9927-F5FA3180639D}.Debug|x64.ActiveCfg = Debug|Any CPU
		{0CCA2999-106B-419A-9927-F5FA3180639D}.Debug|x64.Build.0 = Debug|Any CPU
		{0CCA2999-106B-419A-9927-F5FA3180639D}.Debug|x86.ActiveCfg = Debug|Any CPU
		{0CCA2999-106B-419A-9927-F5FA3180639D}.Debug|x86.Build.0 = Debug|Any CPU
		{0CCA2999-106B-419A-9927-F5FA3180639D}.DebugAES|Any CPU.ActiveCfg = Debug|Any CPU
		{0CCA2999-106B-419A-9927-F5FA3180639D}.DebugAES|Any CPU.Build.0 = Debug|Any CPU
		{0CCA2999-106B-419A-9927-F5FA3180639D}.DebugAES|x64.ActiveCfg = Debug|Any CPU
		{0CCA2999-106B-419A-9927-F5FA3180639D}.DebugAES|x64.Build.0 = Debug|Any CPU
		{0CCA2999-106B-419A-9927-F5FA3180639D}.DebugAES|x86.ActiveCfg = Debug|Any CPU
		{0CCA2999-106B-419A-9927-F5FA3180639D}.DebugAES|x86.Build.0 = Debug|Any CPU
		{0CCA2999-106B-419A-9927-F5FA3180639D}.DebugRsa|Any CPU.ActiveCfg = Debug|Any CPU
		{0CCA2999-106B-419A-9927-F5FA3180639D}.DebugRsa|Any CPU.Build.0 = Debug|Any CPU
		{0CCA2999-106B-419A-9927-F5FA3180639D}.DebugRsa|x64.ActiveCfg = Debug|Any CPU
		{0CCA2999-106B-419A-9927-F5FA3180639D}.DebugRsa|x64.Build.0 = Debug|Any CPU
		{0CCA2999-106B-419A-9927-F5FA3180639D}.DebugRsa|x86.ActiveCfg = Debug|Any CPU
		{0CCA2999-106B-419A-9927-F5FA3180639D}.DebugRsa|x86.Build.0 = Debug|Any CPU
		{0CCA2999-106B-419A-9927-F5FA3180639D}.Release|Any CPU.ActiveCfg = Release|Any CPU
		{0CCA2999-106B-419A-9927-F5FA3180639D}.Release|Any CPU.Build.0 = Release|Any CPU
		{0CCA2999-106B-419A-9927-F5FA3180639D}.Release|x64.ActiveCfg = Release|Any CPU
		{0CCA2999-106B-419A-9927-F5FA3180639D}.Release|x64.Build.0 = Release|Any CPU
		{0CCA2999-106B-419A-9927-F5FA3180639D}.Release|x86.ActiveCfg = Release|Any CPU
		{0CCA2999-106B-419A-9927-F5FA3180639D}.Release|x86.Build.0 = Release|Any CPU
		{0CCA2999-106B-419A-9927-F5FA3180639D}.RSA|Any CPU.ActiveCfg = Release|Any CPU
		{0CCA2999-106B-419A-9927-F5FA3180639D}.RSA|Any CPU.Build.0 = Release|Any CPU
		{0CCA2999-106B-419A-9927-F5FA3180639D}.RSA|x64.ActiveCfg = Release|Any CPU
		{0CCA2999-106B-419A-9927-F5FA3180639D}.RSA|x64.Build.0 = Release|Any CPU
		{0CCA2999-106B-419A-9927-F5FA3180639D}.RSA|x86.ActiveCfg = Release|Any CPU
		{0CCA2999-106B-419A-9927-F5FA3180639D}.RSA|x86.Build.0 = Release|Any CPU
		{32174F4E-9940-44E6-AD2F-8220F4BAD9CA}.AES|Any CPU.ActiveCfg = Release|Any CPU
		{32174F4E-9940-44E6-AD2F-8220F4BAD9CA}.AES|Any CPU.Build.0 = Release|Any CPU
		{32174F4E-9940-44E6-AD2F-8220F4BAD9CA}.AES|x64.ActiveCfg = Release|Any CPU
		{32174F4E-9940-44E6-AD2F-8220F4BAD9CA}.AES|x64.Build.0 = Release|Any CPU
		{32174F4E-9940-44E6-AD2F-8220F4BAD9CA}.AES|x86.ActiveCfg = Release|x86
		{32174F4E-9940-44E6-AD2F-8220F4BAD9CA}.AES|x86.Build.0 = Release|x86
		{32174F4E-9940-44E6-AD2F-8220F4BAD9CA}.Debug|Any CPU.ActiveCfg = Debug|Any CPU
		{32174F4E-9940-44E6-AD2F-8220F4BAD9CA}.Debug|Any CPU.Build.0 = Debug|Any CPU
		{32174F4E-9940-44E6-AD2F-8220F4BAD9CA}.Debug|x64.ActiveCfg = Debug|Any CPU
		{32174F4E-9940-44E6-AD2F-8220F4BAD9CA}.Debug|x64.Build.0 = Debug|Any CPU
		{32174F4E-9940-44E6-AD2F-8220F4BAD9CA}.Debug|x86.ActiveCfg = Debug|x86
		{32174F4E-9940-44E6-AD2F-8220F4BAD9CA}.Debug|x86.Build.0 = Debug|x86
		{32174F4E-9940-44E6-AD2F-8220F4BAD9CA}.DebugAES|Any CPU.ActiveCfg = Debug|Any CPU
		{32174F4E-9940-44E6-AD2F-8220F4BAD9CA}.DebugAES|Any CPU.Build.0 = Debug|Any CPU
		{32174F4E-9940-44E6-AD2F-8220F4BAD9CA}.DebugAES|x64.ActiveCfg = Debug|Any CPU
		{32174F4E-9940-44E6-AD2F-8220F4BAD9CA}.DebugAES|x64.Build.0 = Debug|Any CPU
		{32174F4E-9940-44E6-AD2F-8220F4BAD9CA}.DebugAES|x86.ActiveCfg = Debug|x86
		{32174F4E-9940-44E6-AD2F-8220F4BAD9CA}.DebugAES|x86.Build.0 = Debug|x86
		{32174F4E-9940-44E6-AD2F-8220F4BAD9CA}.DebugRsa|Any CPU.ActiveCfg = Debug|Any CPU
		{32174F4E-9940-44E6-AD2F-8220F4BAD9CA}.DebugRsa|Any CPU.Build.0 = Debug|Any CPU
		{32174F4E-9940-44E6-AD2F-8220F4BAD9CA}.DebugRsa|x64.ActiveCfg = Debug|Any CPU
		{32174F4E-9940-44E6-AD2F-8220F4BAD9CA}.DebugRsa|x64.Build.0 = Debug|Any CPU
		{32174F4E-9940-44E6-AD2F-8220F4BAD9CA}.DebugRsa|x86.ActiveCfg = Debug|x86
		{32174F4E-9940-44E6-AD2F-8220F4BAD9CA}.DebugRsa|x86.Build.0 = Debug|x86
		{32174F4E-9940-44E6-AD2F-8220F4BAD9CA}.Release|Any CPU.ActiveCfg = Release|Any CPU
		{32174F4E-9940-44E6-AD2F-8220F4BAD9CA}.Release|Any CPU.Build.0 = Release|Any CPU
		{32174F4E-9940-44E6-AD2F-8220F4BAD9CA}.Release|x64.ActiveCfg = Release|Any CPU
		{32174F4E-9940-44E6-AD2F-8220F4BAD9CA}.Release|x64.Build.0 = Release|Any CPU
		{32174F4E-9940-44E6-AD2F-8220F4BAD9CA}.Release|x86.ActiveCfg = Release|x86
		{32174F4E-9940-44E6-AD2F-8220F4BAD9CA}.Release|x86.Build.0 = Release|x86
		{32174F4E-9940-44E6-AD2F-8220F4BAD9CA}.RSA|Any CPU.ActiveCfg = Release|Any CPU
		{32174F4E-9940-44E6-AD2F-8220F4BAD9CA}.RSA|Any CPU.Build.0 = Release|Any CPU
		{32174F4E-9940-44E6-AD2F-8220F4BAD9CA}.RSA|x64.ActiveCfg = Release|Any CPU
		{32174F4E-9940-44E6-AD2F-8220F4BAD9CA}.RSA|x64.Build.0 = Release|Any CPU
		{32174F4E-9940-44E6-AD2F-8220F4BAD9CA}.RSA|x86.ActiveCfg = Release|x86
		{32174F4E-9940-44E6-AD2F-8220F4BAD9CA}.RSA|x86.Build.0 = Release|x86
		{58770CF2-8C82-4BB8-8CBF-AB015808922F}.AES|Any CPU.ActiveCfg = AES|Any CPU
		{58770CF2-8C82-4BB8-8CBF-AB015808922F}.AES|Any CPU.Build.0 = AES|Any CPU
		{58770CF2-8C82-4BB8-8CBF-AB015808922F}.AES|x64.ActiveCfg = AES|Any CPU
		{58770CF2-8C82-4BB8-8CBF-AB015808922F}.AES|x64.Build.0 = AES|Any CPU
		{58770CF2-8C82-4BB8-8CBF-AB015808922F}.AES|x86.ActiveCfg = AES|x86
		{58770CF2-8C82-4BB8-8CBF-AB015808922F}.AES|x86.Build.0 = AES|x86
		{58770CF2-8C82-4BB8-8CBF-AB015808922F}.Debug|Any CPU.ActiveCfg = Debug|Any CPU
		{58770CF2-8C82-4BB8-8CBF-AB015808922F}.Debug|Any CPU.Build.0 = Debug|Any CPU
		{58770CF2-8C82-4BB8-8CBF-AB015808922F}.Debug|x64.ActiveCfg = Debug|Any CPU
		{58770CF2-8C82-4BB8-8CBF-AB015808922F}.Debug|x64.Build.0 = Debug|Any CPU
		{58770CF2-8C82-4BB8-8CBF-AB015808922F}.Debug|x86.ActiveCfg = Debug|x86
		{58770CF2-8C82-4BB8-8CBF-AB015808922F}.Debug|x86.Build.0 = Debug|x86
		{58770CF2-8C82-4BB8-8CBF-AB015808922F}.DebugAES|Any CPU.ActiveCfg = DebugAES|Any CPU
		{58770CF2-8C82-4BB8-8CBF-AB015808922F}.DebugAES|Any CPU.Build.0 = DebugAES|Any CPU
		{58770CF2-8C82-4BB8-8CBF-AB015808922F}.DebugAES|x64.ActiveCfg = DebugAES|Any CPU
		{58770CF2-8C82-4BB8-8CBF-AB015808922F}.DebugAES|x64.Build.0 = DebugAES|Any CPU
		{58770CF2-8C82-4BB8-8CBF-AB015808922F}.DebugAES|x86.ActiveCfg = DebugAES|x86
		{58770CF2-8C82-4BB8-8CBF-AB015808922F}.DebugAES|x86.Build.0 = DebugAES|x86
		{58770CF2-8C82-4BB8-8CBF-AB015808922F}.DebugRsa|Any CPU.ActiveCfg = DebugRsa|Any CPU
		{58770CF2-8C82-4BB8-8CBF-AB015808922F}.DebugRsa|Any CPU.Build.0 = DebugRsa|Any CPU
		{58770CF2-8C82-4BB8-8CBF-AB015808922F}.DebugRsa|x64.ActiveCfg = DebugRsa|Any CPU
		{58770CF2-8C82-4BB8-8CBF-AB015808922F}.DebugRsa|x64.Build.0 = DebugRsa|Any CPU
		{58770CF2-8C82-4BB8-8CBF-AB015808922F}.DebugRsa|x86.ActiveCfg = DebugRsa|x86
		{58770CF2-8C82-4BB8-8CBF-AB015808922F}.DebugRsa|x86.Build.0 = DebugRsa|x86
		{58770CF2-8C82-4BB8-8CBF-AB015808922F}.Release|Any CPU.ActiveCfg = Release|Any CPU
		{58770CF2-8C82-4BB8-8CBF-AB015808922F}.Release|Any CPU.Build.0 = Release|Any CPU
		{58770CF2-8C82-4BB8-8CBF-AB015808922F}.Release|x64.ActiveCfg = Release|Any CPU
		{58770CF2-8C82-4BB8-8CBF-AB015808922F}.Release|x64.Build.0 = Release|Any CPU
		{58770CF2-8C82-4BB8-8CBF-AB015808922F}.Release|x86.ActiveCfg = Release|x86
		{58770CF2-8C82-4BB8-8CBF-AB015808922F}.Release|x86.Build.0 = Release|x86
		{58770CF2-8C82-4BB8-8CBF-AB015808922F}.RSA|Any CPU.ActiveCfg = RSA|Any CPU
		{58770CF2-8C82-4BB8-8CBF-AB015808922F}.RSA|Any CPU.Build.0 = RSA|Any CPU
		{58770CF2-8C82-4BB8-8CBF-AB015808922F}.RSA|x64.ActiveCfg = RSA|Any CPU
		{58770CF2-8C82-4BB8-8CBF-AB015808922F}.RSA|x64.Build.0 = RSA|Any CPU
		{58770CF2-8C82-4BB8-8CBF-AB015808922F}.RSA|x86.ActiveCfg = RSA|x86
		{58770CF2-8C82-4BB8-8CBF-AB015808922F}.RSA|x86.Build.0 = RSA|x86
		{FD26A503-9D90-4BAD-9F80-0D9B309C9D1F}.AES|Any CPU.ActiveCfg = Release|Any CPU
		{FD26A503-9D90-4BAD-9F80-0D9B309C9D1F}.AES|Any CPU.Build.0 = Release|Any CPU
		{FD26A503-9D90-4BAD-9F80-0D9B309C9D1F}.AES|x64.ActiveCfg = Release|Any CPU
		{FD26A503-9D90-4BAD-9F80-0D9B309C9D1F}.AES|x64.Build.0 = Release|Any CPU
		{FD26A503-9D90-4BAD-9F80-0D9B309C9D1F}.AES|x86.ActiveCfg = Release|x86
		{FD26A503-9D90-4BAD-9F80-0D9B309C9D1F}.AES|x86.Build.0 = Release|x86
		{FD26A503-9D90-4BAD-9F80-0D9B309C9D1F}.Debug|Any CPU.ActiveCfg = Debug|Any CPU
		{FD26A503-9D90-4BAD-9F80-0D9B309C9D1F}.Debug|Any CPU.Build.0 = Debug|Any CPU
		{FD26A503-9D90-4BAD-9F80-0D9B309C9D1F}.Debug|x64.ActiveCfg = Debug|Any CPU
		{FD26A503-9D90-4BAD-9F80-0D9B309C9D1F}.Debug|x64.Build.0 = Debug|Any CPU
		{FD26A503-9D90-4BAD-9F80-0D9B309C9D1F}.Debug|x86.ActiveCfg = Debug|x86
		{FD26A503-9D90-4BAD-9F80-0D9B309C9D1F}.Debug|x86.Build.0 = Debug|x86
		{FD26A503-9D90-4BAD-9F80-0D9B309C9D1F}.DebugAES|Any CPU.ActiveCfg = Debug|Any CPU
		{FD26A503-9D90-4BAD-9F80-0D9B309C9D1F}.DebugAES|Any CPU.Build.0 = Debug|Any CPU
		{FD26A503-9D90-4BAD-9F80-0D9B309C9D1F}.DebugAES|x64.ActiveCfg = Debug|Any CPU
		{FD26A503-9D90-4BAD-9F80-0D9B309C9D1F}.DebugAES|x64.Build.0 = Debug|Any CPU
		{FD26A503-9D90-4BAD-9F80-0D9B309C9D1F}.DebugAES|x86.ActiveCfg = Debug|x86
		{FD26A503-9D90-4BAD-9F80-0D9B309C9D1F}.DebugAES|x86.Build.0 = Debug|x86
		{FD26A503-9D90-4BAD-9F80-0D9B309C9D1F}.DebugRsa|Any CPU.ActiveCfg = Debug|Any CPU
		{FD26A503-9D90-4BAD-9F80-0D9B309C9D1F}.DebugRsa|Any CPU.Build.0 = Debug|Any CPU
		{FD26A503-9D90-4BAD-9F80-0D9B309C9D1F}.DebugRsa|x64.ActiveCfg = Debug|Any CPU
		{FD26A503-9D90-4BAD-9F80-0D9B309C9D1F}.DebugRsa|x64.Build.0 = Debug|Any CPU
		{FD26A503-9D90-4BAD-9F80-0D9B309C9D1F}.DebugRsa|x86.ActiveCfg = Debug|x86
		{FD26A503-9D90-4BAD-9F80-0D9B309C9D1F}.DebugRsa|x86.Build.0 = Debug|x86
		{FD26A503-9D90-4BAD-9F80-0D9B309C9D1F}.Release|Any CPU.ActiveCfg = Release|Any CPU
		{FD26A503-9D90-4BAD-9F80-0D9B309C9D1F}.Release|Any CPU.Build.0 = Release|Any CPU
		{FD26A503-9D90-4BAD-9F80-0D9B309C9D1F}.Release|x64.ActiveCfg = Release|Any CPU
		{FD26A503-9D90-4BAD-9F80-0D9B309C9D1F}.Release|x64.Build.0 = Release|Any CPU
		{FD26A503-9D90-4BAD-9F80-0D9B309C9D1F}.Release|x86.ActiveCfg = Release|x86
		{FD26A503-9D90-4BAD-9F80-0D9B309C9D1F}.Release|x86.Build.0 = Release|x86
		{FD26A503-9D90-4BAD-9F80-0D9B309C9D1F}.RSA|Any CPU.ActiveCfg = Release|Any CPU
		{FD26A503-9D90-4BAD-9F80-0D9B309C9D1F}.RSA|Any CPU.Build.0 = Release|Any CPU
		{FD26A503-9D90-4BAD-9F80-0D9B309C9D1F}.RSA|x64.ActiveCfg = Release|Any CPU
		{FD26A503-9D90-4BAD-9F80-0D9B309C9D1F}.RSA|x64.Build.0 = Release|Any CPU
		{FD26A503-9D90-4BAD-9F80-0D9B309C9D1F}.RSA|x86.ActiveCfg = Release|x86
		{FD26A503-9D90-4BAD-9F80-0D9B309C9D1F}.RSA|x86.Build.0 = Release|x86
		{31DEAF23-E4C4-4022-B9DB-A13C5D96F7F7}.AES|Any CPU.ActiveCfg = Release|Any CPU
		{31DEAF23-E4C4-4022-B9DB-A13C5D96F7F7}.AES|Any CPU.Build.0 = Release|Any CPU
		{31DEAF23-E4C4-4022-B9DB-A13C5D96F7F7}.AES|x64.ActiveCfg = Release|Any CPU
		{31DEAF23-E4C4-4022-B9DB-A13C5D96F7F7}.AES|x64.Build.0 = Release|Any CPU
		{31DEAF23-E4C4-4022-B9DB-A13C5D96F7F7}.AES|x86.ActiveCfg = Release|Any CPU
		{31DEAF23-E4C4-4022-B9DB-A13C5D96F7F7}.AES|x86.Build.0 = Release|Any CPU
		{31DEAF23-E4C4-4022-B9DB-A13C5D96F7F7}.Debug|Any CPU.ActiveCfg = Debug|Any CPU
		{31DEAF23-E4C4-4022-B9DB-A13C5D96F7F7}.Debug|Any CPU.Build.0 = Debug|Any CPU
		{31DEAF23-E4C4-4022-B9DB-A13C5D96F7F7}.Debug|x64.ActiveCfg = Debug|Any CPU
		{31DEAF23-E4C4-4022-B9DB-A13C5D96F7F7}.Debug|x64.Build.0 = Debug|Any CPU
		{31DEAF23-E4C4-4022-B9DB-A13C5D96F7F7}.Debug|x86.ActiveCfg = Debug|Any CPU
		{31DEAF23-E4C4-4022-B9DB-A13C5D96F7F7}.Debug|x86.Build.0 = Debug|Any CPU
		{31DEAF23-E4C4-4022-B9DB-A13C5D96F7F7}.DebugAES|Any CPU.ActiveCfg = Debug|Any CPU
		{31DEAF23-E4C4-4022-B9DB-A13C5D96F7F7}.DebugAES|Any CPU.Build.0 = Debug|Any CPU
		{31DEAF23-E4C4-4022-B9DB-A13C5D96F7F7}.DebugAES|x64.ActiveCfg = Debug|Any CPU
		{31DEAF23-E4C4-4022-B9DB-A13C5D96F7F7}.DebugAES|x64.Build.0 = Debug|Any CPU
		{31DEAF23-E4C4-4022-B9DB-A13C5D96F7F7}.DebugAES|x86.ActiveCfg = Debug|Any CPU
		{31DEAF23-E4C4-4022-B9DB-A13C5D96F7F7}.DebugAES|x86.Build.0 = Debug|Any CPU
		{31DEAF23-E4C4-4022-B9DB-A13C5D96F7F7}.DebugRsa|Any CPU.ActiveCfg = Debug|Any CPU
		{31DEAF23-E4C4-4022-B9DB-A13C5D96F7F7}.DebugRsa|Any CPU.Build.0 = Debug|Any CPU
		{31DEAF23-E4C4-4022-B9DB-A13C5D96F7F7}.DebugRsa|x64.ActiveCfg = Debug|Any CPU
		{31DEAF23-E4C4-4022-B9DB-A13C5D96F7F7}.DebugRsa|x64.Build.0 = Debug|Any CPU
		{31DEAF23-E4C4-4022-B9DB-A13C5D96F7F7}.DebugRsa|x86.ActiveCfg = Debug|Any CPU
		{31DEAF23-E4C4-4022-B9DB-A13C5D96F7F7}.DebugRsa|x86.Build.0 = Debug|Any CPU
		{31DEAF23-E4C4-4022-B9DB-A13C5D96F7F7}.Release|Any CPU.ActiveCfg = Release|Any CPU
		{31DEAF23-E4C4-4022-B9DB-A13C5D96F7F7}.Release|Any CPU.Build.0 = Release|Any CPU
		{31DEAF23-E4C4-4022-B9DB-A13C5D96F7F7}.Release|x64.ActiveCfg = Release|Any CPU
		{31DEAF23-E4C4-4022-B9DB-A13C5D96F7F7}.Release|x64.Build.0 = Release|Any CPU
		{31DEAF23-E4C4-4022-B9DB-A13C5D96F7F7}.Release|x86.ActiveCfg = Release|Any CPU
		{31DEAF23-E4C4-4022-B9DB-A13C5D96F7F7}.Release|x86.Build.0 = Release|Any CPU
		{31DEAF23-E4C4-4022-B9DB-A13C5D96F7F7}.RSA|Any CPU.ActiveCfg = Release|Any CPU
		{31DEAF23-E4C4-4022-B9DB-A13C5D96F7F7}.RSA|Any CPU.Build.0 = Release|Any CPU
		{31DEAF23-E4C4-4022-B9DB-A13C5D96F7F7}.RSA|x64.ActiveCfg = Release|Any CPU
		{31DEAF23-E4C4-4022-B9DB-A13C5D96F7F7}.RSA|x64.Build.0 = Release|Any CPU
		{31DEAF23-E4C4-4022-B9DB-A13C5D96F7F7}.RSA|x86.ActiveCfg = Release|Any CPU
		{31DEAF23-E4C4-4022-B9DB-A13C5D96F7F7}.RSA|x86.Build.0 = Release|Any CPU
		{076C6822-F170-4B6D-A3A5-6048B56135AC}.AES|Any CPU.ActiveCfg = Release|Any CPU
		{076C6822-F170-4B6D-A3A5-6048B56135AC}.AES|Any CPU.Build.0 = Release|Any CPU
		{076C6822-F170-4B6D-A3A5-6048B56135AC}.AES|x64.ActiveCfg = Release|Any CPU
		{076C6822-F170-4B6D-A3A5-6048B56135AC}.AES|x64.Build.0 = Release|Any CPU
		{076C6822-F170-4B6D-A3A5-6048B56135AC}.AES|x86.ActiveCfg = Release|Any CPU
		{076C6822-F170-4B6D-A3A5-6048B56135AC}.AES|x86.Build.0 = Release|Any CPU
		{076C6822-F170-4B6D-A3A5-6048B56135AC}.Debug|Any CPU.ActiveCfg = Debug|Any CPU
		{076C6822-F170-4B6D-A3A5-6048B56135AC}.Debug|Any CPU.Build.0 = Debug|Any CPU
		{076C6822-F170-4B6D-A3A5-6048B56135AC}.Debug|x64.ActiveCfg = Debug|Any CPU
		{076C6822-F170-4B6D-A3A5-6048B56135AC}.Debug|x64.Build.0 = Debug|Any CPU
		{076C6822-F170-4B6D-A3A5-6048B56135AC}.Debug|x86.ActiveCfg = Debug|Any CPU
		{076C6822-F170-4B6D-A3A5-6048B56135AC}.Debug|x86.Build.0 = Debug|Any CPU
		{076C6822-F170-4B6D-A3A5-6048B56135AC}.DebugAES|Any CPU.ActiveCfg = Debug|Any CPU
		{076C6822-F170-4B6D-A3A5-6048B56135AC}.DebugAES|Any CPU.Build.0 = Debug|Any CPU
		{076C6822-F170-4B6D-A3A5-6048B56135AC}.DebugAES|x64.ActiveCfg = Debug|Any CPU
		{076C6822-F170-4B6D-A3A5-6048B56135AC}.DebugAES|x64.Build.0 = Debug|Any CPU
		{076C6822-F170-4B6D-A3A5-6048B56135AC}.DebugAES|x86.ActiveCfg = Debug|Any CPU
		{076C6822-F170-4B6D-A3A5-6048B56135AC}.DebugAES|x86.Build.0 = Debug|Any CPU
		{076C6822-F170-4B6D-A3A5-6048B56135AC}.DebugRsa|Any CPU.ActiveCfg = Debug|Any CPU
		{076C6822-F170-4B6D-A3A5-6048B56135AC}.DebugRsa|Any CPU.Build.0 = Debug|Any CPU
		{076C6822-F170-4B6D-A3A5-6048B56135AC}.DebugRsa|x64.ActiveCfg = Debug|Any CPU
		{076C6822-F170-4B6D-A3A5-6048B56135AC}.DebugRsa|x64.Build.0 = Debug|Any CPU
		{076C6822-F170-4B6D-A3A5-6048B56135AC}.DebugRsa|x86.ActiveCfg = Debug|Any CPU
		{076C6822-F170-4B6D-A3A5-6048B56135AC}.DebugRsa|x86.Build.0 = Debug|Any CPU
		{076C6822-F170-4B6D-A3A5-6048B56135AC}.Release|Any CPU.ActiveCfg = Release|Any CPU
		{076C6822-F170-4B6D-A3A5-6048B56135AC}.Release|Any CPU.Build.0 = Release|Any CPU
		{076C6822-F170-4B6D-A3A5-6048B56135AC}.Release|x64.ActiveCfg = Release|Any CPU
		{076C6822-F170-4B6D-A3A5-6048B56135AC}.Release|x64.Build.0 = Release|Any CPU
		{076C6822-F170-4B6D-A3A5-6048B56135AC}.Release|x86.ActiveCfg = Release|Any CPU
		{076C6822-F170-4B6D-A3A5-6048B56135AC}.Release|x86.Build.0 = Release|Any CPU
		{076C6822-F170-4B6D-A3A5-6048B56135AC}.RSA|Any CPU.ActiveCfg = Release|Any CPU
		{076C6822-F170-4B6D-A3A5-6048B56135AC}.RSA|Any CPU.Build.0 = Release|Any CPU
		{076C6822-F170-4B6D-A3A5-6048B56135AC}.RSA|x64.ActiveCfg = Release|Any CPU
		{076C6822-F170-4B6D-A3A5-6048B56135AC}.RSA|x64.Build.0 = Release|Any CPU
		{076C6822-F170-4B6D-A3A5-6048B56135AC}.RSA|x86.ActiveCfg = Release|Any CPU
		{076C6822-F170-4B6D-A3A5-6048B56135AC}.RSA|x86.Build.0 = Release|Any CPU
		{DFE778EF-EB77-4787-BBB1-1CE62F4C181D}.AES|Any CPU.ActiveCfg = Release|Any CPU
		{DFE778EF-EB77-4787-BBB1-1CE62F4C181D}.AES|Any CPU.Build.0 = Release|Any CPU
		{DFE778EF-EB77-4787-BBB1-1CE62F4C181D}.AES|x64.ActiveCfg = Release|Any CPU
		{DFE778EF-EB77-4787-BBB1-1CE62F4C181D}.AES|x64.Build.0 = Release|Any CPU
		{DFE778EF-EB77-4787-BBB1-1CE62F4C181D}.AES|x86.ActiveCfg = Release|Any CPU
		{DFE778EF-EB77-4787-BBB1-1CE62F4C181D}.AES|x86.Build.0 = Release|Any CPU
		{DFE778EF-EB77-4787-BBB1-1CE62F4C181D}.Debug|Any CPU.ActiveCfg = Debug|Any CPU
		{DFE778EF-EB77-4787-BBB1-1CE62F4C181D}.Debug|Any CPU.Build.0 = Debug|Any CPU
		{DFE778EF-EB77-4787-BBB1-1CE62F4C181D}.Debug|x64.ActiveCfg = Debug|Any CPU
		{DFE778EF-EB77-4787-BBB1-1CE62F4C181D}.Debug|x64.Build.0 = Debug|Any CPU
		{DFE778EF-EB77-4787-BBB1-1CE62F4C181D}.Debug|x86.ActiveCfg = Debug|Any CPU
		{DFE778EF-EB77-4787-BBB1-1CE62F4C181D}.Debug|x86.Build.0 = Debug|Any CPU
		{DFE778EF-EB77-4787-BBB1-1CE62F4C181D}.DebugAES|Any CPU.ActiveCfg = Debug|Any CPU
		{DFE778EF-EB77-4787-BBB1-1CE62F4C181D}.DebugAES|Any CPU.Build.0 = Debug|Any CPU
		{DFE778EF-EB77-4787-BBB1-1CE62F4C181D}.DebugAES|x64.ActiveCfg = Debug|Any CPU
		{DFE778EF-EB77-4787-BBB1-1CE62F4C181D}.DebugAES|x64.Build.0 = Debug|Any CPU
		{DFE778EF-EB77-4787-BBB1-1CE62F4C181D}.DebugAES|x86.ActiveCfg = Debug|Any CPU
		{DFE778EF-EB77-4787-BBB1-1CE62F4C181D}.DebugAES|x86.Build.0 = Debug|Any CPU
		{DFE778EF-EB77-4787-BBB1-1CE62F4C181D}.DebugRsa|Any CPU.ActiveCfg = Debug|Any CPU
		{DFE778EF-EB77-4787-BBB1-1CE62F4C181D}.DebugRsa|Any CPU.Build.0 = Debug|Any CPU
		{DFE778EF-EB77-4787-BBB1-1CE62F4C181D}.DebugRsa|x64.ActiveCfg = Debug|Any CPU
		{DFE778EF-EB77-4787-BBB1-1CE62F4C181D}.DebugRsa|x64.Build.0 = Debug|Any CPU
		{DFE778EF-EB77-4787-BBB1-1CE62F4C181D}.DebugRsa|x86.ActiveCfg = Debug|Any CPU
		{DFE778EF-EB77-4787-BBB1-1CE62F4C181D}.DebugRsa|x86.Build.0 = Debug|Any CPU
		{DFE778EF-EB77-4787-BBB1-1CE62F4C181D}.Release|Any CPU.ActiveCfg = Release|Any CPU
		{DFE778EF-EB77-4787-BBB1-1CE62F4C181D}.Release|Any CPU.Build.0 = Release|Any CPU
		{DFE778EF-EB77-4787-BBB1-1CE62F4C181D}.Release|x64.ActiveCfg = Release|Any CPU
		{DFE778EF-EB77-4787-BBB1-1CE62F4C181D}.Release|x64.Build.0 = Release|Any CPU
		{DFE778EF-EB77-4787-BBB1-1CE62F4C181D}.Release|x86.ActiveCfg = Release|Any CPU
		{DFE778EF-EB77-4787-BBB1-1CE62F4C181D}.Release|x86.Build.0 = Release|Any CPU
		{DFE778EF-EB77-4787-BBB1-1CE62F4C181D}.RSA|Any CPU.ActiveCfg = Release|Any CPU
		{DFE778EF-EB77-4787-BBB1-1CE62F4C181D}.RSA|Any CPU.Build.0 = Release|Any CPU
		{DFE778EF-EB77-4787-BBB1-1CE62F4C181D}.RSA|x64.ActiveCfg = Release|Any CPU
		{DFE778EF-EB77-4787-BBB1-1CE62F4C181D}.RSA|x64.Build.0 = Release|Any CPU
		{DFE778EF-EB77-4787-BBB1-1CE62F4C181D}.RSA|x86.ActiveCfg = Release|Any CPU
		{DFE778EF-EB77-4787-BBB1-1CE62F4C181D}.RSA|x86.Build.0 = Release|Any CPU
		{EA41FB05-74EA-451F-AC70-707FF17B36BE}.AES|Any CPU.ActiveCfg = Release|Any CPU
		{EA41FB05-74EA-451F-AC70-707FF17B36BE}.AES|Any CPU.Build.0 = Release|Any CPU
		{EA41FB05-74EA-451F-AC70-707FF17B36BE}.AES|x64.ActiveCfg = Release|Any CPU
		{EA41FB05-74EA-451F-AC70-707FF17B36BE}.AES|x64.Build.0 = Release|Any CPU
		{EA41FB05-74EA-451F-AC70-707FF17B36BE}.AES|x86.ActiveCfg = Release|Any CPU
		{EA41FB05-74EA-451F-AC70-707FF17B36BE}.AES|x86.Build.0 = Release|Any CPU
		{EA41FB05-74EA-451F-AC70-707FF17B36BE}.Debug|Any CPU.ActiveCfg = Debug|Any CPU
		{EA41FB05-74EA-451F-AC70-707FF17B36BE}.Debug|Any CPU.Build.0 = Debug|Any CPU
		{EA41FB05-74EA-451F-AC70-707FF17B36BE}.Debug|x64.ActiveCfg = Debug|Any CPU
		{EA41FB05-74EA-451F-AC70-707FF17B36BE}.Debug|x64.Build.0 = Debug|Any CPU
		{EA41FB05-74EA-451F-AC70-707FF17B36BE}.Debug|x86.ActiveCfg = Debug|Any CPU
		{EA41FB05-74EA-451F-AC70-707FF17B36BE}.Debug|x86.Build.0 = Debug|Any CPU
		{EA41FB05-74EA-451F-AC70-707FF17B36BE}.DebugAES|Any CPU.ActiveCfg = Debug|Any CPU
		{EA41FB05-74EA-451F-AC70-707FF17B36BE}.DebugAES|Any CPU.Build.0 = Debug|Any CPU
		{EA41FB05-74EA-451F-AC70-707FF17B36BE}.DebugAES|x64.ActiveCfg = Debug|Any CPU
		{EA41FB05-74EA-451F-AC70-707FF17B36BE}.DebugAES|x64.Build.0 = Debug|Any CPU
		{EA41FB05-74EA-451F-AC70-707FF17B36BE}.DebugAES|x86.ActiveCfg = Debug|Any CPU
		{EA41FB05-74EA-451F-AC70-707FF17B36BE}.DebugAES|x86.Build.0 = Debug|Any CPU
		{EA41FB05-74EA-451F-AC70-707FF17B36BE}.DebugRsa|Any CPU.ActiveCfg = Debug|Any CPU
		{EA41FB05-74EA-451F-AC70-707FF17B36BE}.DebugRsa|Any CPU.Build.0 = Debug|Any CPU
		{EA41FB05-74EA-451F-AC70-707FF17B36BE}.DebugRsa|x64.ActiveCfg = Debug|Any CPU
		{EA41FB05-74EA-451F-AC70-707FF17B36BE}.DebugRsa|x64.Build.0 = Debug|Any CPU
		{EA41FB05-74EA-451F-AC70-707FF17B36BE}.DebugRsa|x86.ActiveCfg = Debug|Any CPU
		{EA41FB05-74EA-451F-AC70-707FF17B36BE}.DebugRsa|x86.Build.0 = Debug|Any CPU
		{EA41FB05-74EA-451F-AC70-707FF17B36BE}.Release|Any CPU.ActiveCfg = Release|Any CPU
		{EA41FB05-74EA-451F-AC70-707FF17B36BE}.Release|Any CPU.Build.0 = Release|Any CPU
		{EA41FB05-74EA-451F-AC70-707FF17B36BE}.Release|x64.ActiveCfg = Release|Any CPU
		{EA41FB05-74EA-451F-AC70-707FF17B36BE}.Release|x64.Build.0 = Release|Any CPU
		{EA41FB05-74EA-451F-AC70-707FF17B36BE}.Release|x86.ActiveCfg = Release|Any CPU
		{EA41FB05-74EA-451F-AC70-707FF17B36BE}.Release|x86.Build.0 = Release|Any CPU
		{EA41FB05-74EA-451F-AC70-707FF17B36BE}.RSA|Any CPU.ActiveCfg = Release|Any CPU
		{EA41FB05-74EA-451F-AC70-707FF17B36BE}.RSA|Any CPU.Build.0 = Release|Any CPU
		{EA41FB05-74EA-451F-AC70-707FF17B36BE}.RSA|x64.ActiveCfg = Release|Any CPU
		{EA41FB05-74EA-451F-AC70-707FF17B36BE}.RSA|x64.Build.0 = Release|Any CPU
		{EA41FB05-74EA-451F-AC70-707FF17B36BE}.RSA|x86.ActiveCfg = Release|Any CPU
		{EA41FB05-74EA-451F-AC70-707FF17B36BE}.RSA|x86.Build.0 = Release|Any CPU
		{58972EFE-7678-47F0-96C0-CADC5CD3CBB7}.AES|Any CPU.ActiveCfg = Release|Any CPU
		{58972EFE-7678-47F0-96C0-CADC5CD3CBB7}.AES|Any CPU.Build.0 = Release|Any CPU
		{58972EFE-7678-47F0-96C0-CADC5CD3CBB7}.AES|x64.ActiveCfg = Release|Any CPU
		{58972EFE-7678-47F0-96C0-CADC5CD3CBB7}.AES|x64.Build.0 = Release|Any CPU
		{58972EFE-7678-47F0-96C0-CADC5CD3CBB7}.AES|x86.ActiveCfg = Release|Any CPU
		{58972EFE-7678-47F0-96C0-CADC5CD3CBB7}.AES|x86.Build.0 = Release|Any CPU
		{58972EFE-7678-47F0-96C0-CADC5CD3CBB7}.Debug|Any CPU.ActiveCfg = Debug|Any CPU
		{58972EFE-7678-47F0-96C0-CADC5CD3CBB7}.Debug|Any CPU.Build.0 = Debug|Any CPU
		{58972EFE-7678-47F0-96C0-CADC5CD3CBB7}.Debug|x64.ActiveCfg = Debug|Any CPU
		{58972EFE-7678-47F0-96C0-CADC5CD3CBB7}.Debug|x64.Build.0 = Debug|Any CPU
		{58972EFE-7678-47F0-96C0-CADC5CD3CBB7}.Debug|x86.ActiveCfg = Debug|Any CPU
		{58972EFE-7678-47F0-96C0-CADC5CD3CBB7}.Debug|x86.Build.0 = Debug|Any CPU
		{58972EFE-7678-47F0-96C0-CADC5CD3CBB7}.DebugAES|Any CPU.ActiveCfg = Debug|Any CPU
		{58972EFE-7678-47F0-96C0-CADC5CD3CBB7}.DebugAES|Any CPU.Build.0 = Debug|Any CPU
		{58972EFE-7678-47F0-96C0-CADC5CD3CBB7}.DebugAES|x64.ActiveCfg = Debug|Any CPU
		{58972EFE-7678-47F0-96C0-CADC5CD3CBB7}.DebugAES|x64.Build.0 = Debug|Any CPU
		{58972EFE-7678-47F0-96C0-CADC5CD3CBB7}.DebugAES|x86.ActiveCfg = Debug|Any CPU
		{58972EFE-7678-47F0-96C0-CADC5CD3CBB7}.DebugAES|x86.Build.0 = Debug|Any CPU
		{58972EFE-7678-47F0-96C0-CADC5CD3CBB7}.DebugRsa|Any CPU.ActiveCfg = Debug|Any CPU
		{58972EFE-7678-47F0-96C0-CADC5CD3CBB7}.DebugRsa|Any CPU.Build.0 = Debug|Any CPU
		{58972EFE-7678-47F0-96C0-CADC5CD3CBB7}.DebugRsa|x64.ActiveCfg = Debug|Any CPU
		{58972EFE-7678-47F0-96C0-CADC5CD3CBB7}.DebugRsa|x64.Build.0 = Debug|Any CPU
		{58972EFE-7678-47F0-96C0-CADC5CD3CBB7}.DebugRsa|x86.ActiveCfg = Debug|Any CPU
		{58972EFE-7678-47F0-96C0-CADC5CD3CBB7}.DebugRsa|x86.Build.0 = Debug|Any CPU
		{58972EFE-7678-47F0-96C0-CADC5CD3CBB7}.Release|Any CPU.ActiveCfg = Release|Any CPU
		{58972EFE-7678-47F0-96C0-CADC5CD3CBB7}.Release|Any CPU.Build.0 = Release|Any CPU
		{58972EFE-7678-47F0-96C0-CADC5CD3CBB7}.Release|x64.ActiveCfg = Release|Any CPU
		{58972EFE-7678-47F0-96C0-CADC5CD3CBB7}.Release|x64.Build.0 = Release|Any CPU
		{58972EFE-7678-47F0-96C0-CADC5CD3CBB7}.Release|x86.ActiveCfg = Release|Any CPU
		{58972EFE-7678-47F0-96C0-CADC5CD3CBB7}.Release|x86.Build.0 = Release|Any CPU
		{58972EFE-7678-47F0-96C0-CADC5CD3CBB7}.RSA|Any CPU.ActiveCfg = Release|Any CPU
		{58972EFE-7678-47F0-96C0-CADC5CD3CBB7}.RSA|Any CPU.Build.0 = Release|Any CPU
		{58972EFE-7678-47F0-96C0-CADC5CD3CBB7}.RSA|x64.ActiveCfg = Release|Any CPU
		{58972EFE-7678-47F0-96C0-CADC5CD3CBB7}.RSA|x64.Build.0 = Release|Any CPU
		{58972EFE-7678-47F0-96C0-CADC5CD3CBB7}.RSA|x86.ActiveCfg = Release|Any CPU
		{58972EFE-7678-47F0-96C0-CADC5CD3CBB7}.RSA|x86.Build.0 = Release|Any CPU
		{44608986-A141-45A3-92A6-EF1B1633DB1E}.AES|Any CPU.ActiveCfg = Release|Any CPU
		{44608986-A141-45A3-92A6-EF1B1633DB1E}.AES|Any CPU.Build.0 = Release|Any CPU
		{44608986-A141-45A3-92A6-EF1B1633DB1E}.AES|x64.ActiveCfg = Release|Any CPU
		{44608986-A141-45A3-92A6-EF1B1633DB1E}.AES|x64.Build.0 = Release|Any CPU
		{44608986-A141-45A3-92A6-EF1B1633DB1E}.AES|x86.ActiveCfg = Release|x86
		{44608986-A141-45A3-92A6-EF1B1633DB1E}.AES|x86.Build.0 = Release|x86
		{44608986-A141-45A3-92A6-EF1B1633DB1E}.Debug|Any CPU.ActiveCfg = Debug|Any CPU
		{44608986-A141-45A3-92A6-EF1B1633DB1E}.Debug|Any CPU.Build.0 = Debug|Any CPU
		{44608986-A141-45A3-92A6-EF1B1633DB1E}.Debug|x64.ActiveCfg = Debug|Any CPU
		{44608986-A141-45A3-92A6-EF1B1633DB1E}.Debug|x64.Build.0 = Debug|Any CPU
		{44608986-A141-45A3-92A6-EF1B1633DB1E}.Debug|x86.ActiveCfg = Debug|x86
		{44608986-A141-45A3-92A6-EF1B1633DB1E}.Debug|x86.Build.0 = Debug|x86
		{44608986-A141-45A3-92A6-EF1B1633DB1E}.DebugAES|Any CPU.ActiveCfg = Debug|Any CPU
		{44608986-A141-45A3-92A6-EF1B1633DB1E}.DebugAES|Any CPU.Build.0 = Debug|Any CPU
		{44608986-A141-45A3-92A6-EF1B1633DB1E}.DebugAES|x64.ActiveCfg = Debug|Any CPU
		{44608986-A141-45A3-92A6-EF1B1633DB1E}.DebugAES|x64.Build.0 = Debug|Any CPU
		{44608986-A141-45A3-92A6-EF1B1633DB1E}.DebugAES|x86.ActiveCfg = Debug|x86
		{44608986-A141-45A3-92A6-EF1B1633DB1E}.DebugAES|x86.Build.0 = Debug|x86
		{44608986-A141-45A3-92A6-EF1B1633DB1E}.DebugRsa|Any CPU.ActiveCfg = Debug|Any CPU
		{44608986-A141-45A3-92A6-EF1B1633DB1E}.DebugRsa|Any CPU.Build.0 = Debug|Any CPU
		{44608986-A141-45A3-92A6-EF1B1633DB1E}.DebugRsa|x64.ActiveCfg = Debug|Any CPU
		{44608986-A141-45A3-92A6-EF1B1633DB1E}.DebugRsa|x64.Build.0 = Debug|Any CPU
		{44608986-A141-45A3-92A6-EF1B1633DB1E}.DebugRsa|x86.ActiveCfg = Debug|x86
		{44608986-A141-45A3-92A6-EF1B1633DB1E}.DebugRsa|x86.Build.0 = Debug|x86
		{44608986-A141-45A3-92A6-EF1B1633DB1E}.Release|Any CPU.ActiveCfg = Release|Any CPU
		{44608986-A141-45A3-92A6-EF1B1633DB1E}.Release|Any CPU.Build.0 = Release|Any CPU
		{44608986-A141-45A3-92A6-EF1B1633DB1E}.Release|x64.ActiveCfg = Release|Any CPU
		{44608986-A141-45A3-92A6-EF1B1633DB1E}.Release|x64.Build.0 = Release|Any CPU
		{44608986-A141-45A3-92A6-EF1B1633DB1E}.Release|x86.ActiveCfg = Release|x86
		{44608986-A141-45A3-92A6-EF1B1633DB1E}.Release|x86.Build.0 = Release|x86
		{44608986-A141-45A3-92A6-EF1B1633DB1E}.RSA|Any CPU.ActiveCfg = Release|Any CPU
		{44608986-A141-45A3-92A6-EF1B1633DB1E}.RSA|Any CPU.Build.0 = Release|Any CPU
		{44608986-A141-45A3-92A6-EF1B1633DB1E}.RSA|x64.ActiveCfg = Release|Any CPU
		{44608986-A141-45A3-92A6-EF1B1633DB1E}.RSA|x64.Build.0 = Release|Any CPU
		{44608986-A141-45A3-92A6-EF1B1633DB1E}.RSA|x86.ActiveCfg = Release|x86
		{44608986-A141-45A3-92A6-EF1B1633DB1E}.RSA|x86.Build.0 = Release|x86
		{F35112F5-0584-420B-BEF1-C435AD24DC4C}.AES|Any CPU.ActiveCfg = Release|Any CPU
		{F35112F5-0584-420B-BEF1-C435AD24DC4C}.AES|Any CPU.Build.0 = Release|Any CPU
		{F35112F5-0584-420B-BEF1-C435AD24DC4C}.AES|x64.ActiveCfg = Release|Any CPU
		{F35112F5-0584-420B-BEF1-C435AD24DC4C}.AES|x64.Build.0 = Release|Any CPU
		{F35112F5-0584-420B-BEF1-C435AD24DC4C}.AES|x86.ActiveCfg = Release|Any CPU
		{F35112F5-0584-420B-BEF1-C435AD24DC4C}.AES|x86.Build.0 = Release|Any CPU
		{F35112F5-0584-420B-BEF1-C435AD24DC4C}.Debug|Any CPU.ActiveCfg = Debug|Any CPU
		{F35112F5-0584-420B-BEF1-C435AD24DC4C}.Debug|Any CPU.Build.0 = Debug|Any CPU
		{F35112F5-0584-420B-BEF1-C435AD24DC4C}.Debug|x64.ActiveCfg = Debug|Any CPU
		{F35112F5-0584-420B-BEF1-C435AD24DC4C}.Debug|x64.Build.0 = Debug|Any CPU
		{F35112F5-0584-420B-BEF1-C435AD24DC4C}.Debug|x86.ActiveCfg = Debug|Any CPU
		{F35112F5-0584-420B-BEF1-C435AD24DC4C}.Debug|x86.Build.0 = Debug|Any CPU
		{F35112F5-0584-420B-BEF1-C435AD24DC4C}.DebugAES|Any CPU.ActiveCfg = Debug|Any CPU
		{F35112F5-0584-420B-BEF1-C435AD24DC4C}.DebugAES|Any CPU.Build.0 = Debug|Any CPU
		{F35112F5-0584-420B-BEF1-C435AD24DC4C}.DebugAES|x64.ActiveCfg = Debug|Any CPU
		{F35112F5-0584-420B-BEF1-C435AD24DC4C}.DebugAES|x64.Build.0 = Debug|Any CPU
		{F35112F5-0584-420B-BEF1-C435AD24DC4C}.DebugAES|x86.ActiveCfg = Debug|Any CPU
		{F35112F5-0584-420B-BEF1-C435AD24DC4C}.DebugAES|x86.Build.0 = Debug|Any CPU
		{F35112F5-0584-420B-BEF1-C435AD24DC4C}.DebugRsa|Any CPU.ActiveCfg = Debug|Any CPU
		{F35112F5-0584-420B-BEF1-C435AD24DC4C}.DebugRsa|Any CPU.Build.0 = Debug|Any CPU
		{F35112F5-0584-420B-BEF1-C435AD24DC4C}.DebugRsa|x64.ActiveCfg = Debug|Any CPU
		{F35112F5-0584-420B-BEF1-C435AD24DC4C}.DebugRsa|x64.Build.0 = Debug|Any CPU
		{F35112F5-0584-420B-BEF1-C435AD24DC4C}.DebugRsa|x86.ActiveCfg = Debug|Any CPU
		{F35112F5-0584-420B-BEF1-C435AD24DC4C}.DebugRsa|x86.Build.0 = Debug|Any CPU
		{F35112F5-0584-420B-BEF1-C435AD24DC4C}.Release|Any CPU.ActiveCfg = Release|Any CPU
		{F35112F5-0584-420B-BEF1-C435AD24DC4C}.Release|Any CPU.Build.0 = Release|Any CPU
		{F35112F5-0584-420B-BEF1-C435AD24DC4C}.Release|x64.ActiveCfg = Release|Any CPU
		{F35112F5-0584-420B-BEF1-C435AD24DC4C}.Release|x64.Build.0 = Release|Any CPU
		{F35112F5-0584-420B-BEF1-C435AD24DC4C}.Release|x86.ActiveCfg = Release|Any CPU
		{F35112F5-0584-420B-BEF1-C435AD24DC4C}.Release|x86.Build.0 = Release|Any CPU
		{F35112F5-0584-420B-BEF1-C435AD24DC4C}.RSA|Any CPU.ActiveCfg = Release|Any CPU
		{F35112F5-0584-420B-BEF1-C435AD24DC4C}.RSA|Any CPU.Build.0 = Release|Any CPU
		{F35112F5-0584-420B-BEF1-C435AD24DC4C}.RSA|x64.ActiveCfg = Release|Any CPU
		{F35112F5-0584-420B-BEF1-C435AD24DC4C}.RSA|x64.Build.0 = Release|Any CPU
		{F35112F5-0584-420B-BEF1-C435AD24DC4C}.RSA|x86.ActiveCfg = Release|Any CPU
		{F35112F5-0584-420B-BEF1-C435AD24DC4C}.RSA|x86.Build.0 = Release|Any CPU
		{AA923C43-FE04-48DD-A6F4-7938ADD9C0D5}.AES|Any CPU.ActiveCfg = Release|Any CPU
		{AA923C43-FE04-48DD-A6F4-7938ADD9C0D5}.AES|Any CPU.Build.0 = Release|Any CPU
		{AA923C43-FE04-48DD-A6F4-7938ADD9C0D5}.AES|x64.ActiveCfg = Release|x64
		{AA923C43-FE04-48DD-A6F4-7938ADD9C0D5}.AES|x64.Build.0 = Release|x64
		{AA923C43-FE04-48DD-A6F4-7938ADD9C0D5}.AES|x86.ActiveCfg = Release|x86
		{AA923C43-FE04-48DD-A6F4-7938ADD9C0D5}.AES|x86.Build.0 = Release|x86
		{AA923C43-FE04-48DD-A6F4-7938ADD9C0D5}.Debug|Any CPU.ActiveCfg = Debug|Any CPU
		{AA923C43-FE04-48DD-A6F4-7938ADD9C0D5}.Debug|Any CPU.Build.0 = Debug|Any CPU
		{AA923C43-FE04-48DD-A6F4-7938ADD9C0D5}.Debug|x64.ActiveCfg = Debug|x64
		{AA923C43-FE04-48DD-A6F4-7938ADD9C0D5}.Debug|x64.Build.0 = Debug|x64
		{AA923C43-FE04-48DD-A6F4-7938ADD9C0D5}.Debug|x86.ActiveCfg = Debug|x86
		{AA923C43-FE04-48DD-A6F4-7938ADD9C0D5}.Debug|x86.Build.0 = Debug|x86
		{AA923C43-FE04-48DD-A6F4-7938ADD9C0D5}.DebugAES|Any CPU.ActiveCfg = Debug|Any CPU
		{AA923C43-FE04-48DD-A6F4-7938ADD9C0D5}.DebugAES|Any CPU.Build.0 = Debug|Any CPU
		{AA923C43-FE04-48DD-A6F4-7938ADD9C0D5}.DebugAES|x64.ActiveCfg = Debug|x64
		{AA923C43-FE04-48DD-A6F4-7938ADD9C0D5}.DebugAES|x64.Build.0 = Debug|x64
		{AA923C43-FE04-48DD-A6F4-7938ADD9C0D5}.DebugAES|x86.ActiveCfg = Debug|x86
		{AA923C43-FE04-48DD-A6F4-7938ADD9C0D5}.DebugAES|x86.Build.0 = Debug|x86
		{AA923C43-FE04-48DD-A6F4-7938ADD9C0D5}.DebugRsa|Any CPU.ActiveCfg = Debug|Any CPU
		{AA923C43-FE04-48DD-A6F4-7938ADD9C0D5}.DebugRsa|Any CPU.Build.0 = Debug|Any CPU
		{AA923C43-FE04-48DD-A6F4-7938ADD9C0D5}.DebugRsa|x64.ActiveCfg = Debug|x64
		{AA923C43-FE04-48DD-A6F4-7938ADD9C0D5}.DebugRsa|x64.Build.0 = Debug|x64
		{AA923C43-FE04-48DD-A6F4-7938ADD9C0D5}.DebugRsa|x86.ActiveCfg = Debug|x86
		{AA923C43-FE04-48DD-A6F4-7938ADD9C0D5}.DebugRsa|x86.Build.0 = Debug|x86
		{AA923C43-FE04-48DD-A6F4-7938ADD9C0D5}.Release|Any CPU.ActiveCfg = Release|Any CPU
		{AA923C43-FE04-48DD-A6F4-7938ADD9C0D5}.Release|Any CPU.Build.0 = Release|Any CPU
		{AA923C43-FE04-48DD-A6F4-7938ADD9C0D5}.Release|x64.ActiveCfg = Release|x64
		{AA923C43-FE04-48DD-A6F4-7938ADD9C0D5}.Release|x64.Build.0 = Release|x64
		{AA923C43-FE04-48DD-A6F4-7938ADD9C0D5}.Release|x86.ActiveCfg = Release|x86
		{AA923C43-FE04-48DD-A6F4-7938ADD9C0D5}.Release|x86.Build.0 = Release|x86
		{AA923C43-FE04-48DD-A6F4-7938ADD9C0D5}.RSA|Any CPU.ActiveCfg = Release|Any CPU
		{AA923C43-FE04-48DD-A6F4-7938ADD9C0D5}.RSA|Any CPU.Build.0 = Release|Any CPU
		{AA923C43-FE04-48DD-A6F4-7938ADD9C0D5}.RSA|x64.ActiveCfg = Release|x64
		{AA923C43-FE04-48DD-A6F4-7938ADD9C0D5}.RSA|x64.Build.0 = Release|x64
		{AA923C43-FE04-48DD-A6F4-7938ADD9C0D5}.RSA|x86.ActiveCfg = Release|x86
		{AA923C43-FE04-48DD-A6F4-7938ADD9C0D5}.RSA|x86.Build.0 = Release|x86
		{4DE580F2-3F11-4C24-B319-437875087DD3}.AES|Any CPU.ActiveCfg = Release|Any CPU
		{4DE580F2-3F11-4C24-B319-437875087DD3}.AES|Any CPU.Build.0 = Release|Any CPU
		{4DE580F2-3F11-4C24-B319-437875087DD3}.AES|x64.ActiveCfg = Release|Any CPU
		{4DE580F2-3F11-4C24-B319-437875087DD3}.AES|x64.Build.0 = Release|Any CPU
		{4DE580F2-3F11-4C24-B319-437875087DD3}.AES|x86.ActiveCfg = Release|Any CPU
		{4DE580F2-3F11-4C24-B319-437875087DD3}.AES|x86.Build.0 = Release|Any CPU
		{4DE580F2-3F11-4C24-B319-437875087DD3}.Debug|Any CPU.ActiveCfg = Debug|Any CPU
		{4DE580F2-3F11-4C24-B319-437875087DD3}.Debug|Any CPU.Build.0 = Debug|Any CPU
		{4DE580F2-3F11-4C24-B319-437875087DD3}.Debug|x64.ActiveCfg = Debug|Any CPU
		{4DE580F2-3F11-4C24-B319-437875087DD3}.Debug|x64.Build.0 = Debug|Any CPU
		{4DE580F2-3F11-4C24-B319-437875087DD3}.Debug|x86.ActiveCfg = Debug|Any CPU
		{4DE580F2-3F11-4C24-B319-437875087DD3}.Debug|x86.Build.0 = Debug|Any CPU
		{4DE580F2-3F11-4C24-B319-437875087DD3}.DebugAES|Any CPU.ActiveCfg = Debug|Any CPU
		{4DE580F2-3F11-4C24-B319-437875087DD3}.DebugAES|Any CPU.Build.0 = Debug|Any CPU
		{4DE580F2-3F11-4C24-B319-437875087DD3}.DebugAES|x64.ActiveCfg = Debug|Any CPU
		{4DE580F2-3F11-4C24-B319-437875087DD3}.DebugAES|x64.Build.0 = Debug|Any CPU
		{4DE580F2-3F11-4C24-B319-437875087DD3}.DebugAES|x86.ActiveCfg = Debug|Any CPU
		{4DE580F2-3F11-4C24-B319-437875087DD3}.DebugAES|x86.Build.0 = Debug|Any CPU
		{4DE580F2-3F11-4C24-B319-437875087DD3}.DebugRsa|Any CPU.ActiveCfg = Debug|Any CPU
		{4DE580F2-3F11-4C24-B319-437875087DD3}.DebugRsa|Any CPU.Build.0 = Debug|Any CPU
		{4DE580F2-3F11-4C24-B319-437875087DD3}.DebugRsa|x64.ActiveCfg = Debug|Any CPU
		{4DE580F2-3F11-4C24-B319-437875087DD3}.DebugRsa|x64.Build.0 = Debug|Any CPU
		{4DE580F2-3F11-4C24-B319-437875087DD3}.DebugRsa|x86.ActiveCfg = Debug|Any CPU
		{4DE580F2-3F11-4C24-B319-437875087DD3}.DebugRsa|x86.Build.0 = Debug|Any CPU
		{4DE580F2-3F11-4C24-B319-437875087DD3}.Release|Any CPU.ActiveCfg = Release|Any CPU
		{4DE580F2-3F11-4C24-B319-437875087DD3}.Release|Any CPU.Build.0 = Release|Any CPU
		{4DE580F2-3F11-4C24-B319-437875087DD3}.Release|x64.ActiveCfg = Release|Any CPU
		{4DE580F2-3F11-4C24-B319-437875087DD3}.Release|x64.Build.0 = Release|Any CPU
		{4DE580F2-3F11-4C24-B319-437875087DD3}.Release|x86.ActiveCfg = Release|Any CPU
		{4DE580F2-3F11-4C24-B319-437875087DD3}.Release|x86.Build.0 = Release|Any CPU
		{4DE580F2-3F11-4C24-B319-437875087DD3}.RSA|Any CPU.ActiveCfg = Release|Any CPU
		{4DE580F2-3F11-4C24-B319-437875087DD3}.RSA|Any CPU.Build.0 = Release|Any CPU
		{4DE580F2-3F11-4C24-B319-437875087DD3}.RSA|x64.ActiveCfg = Release|Any CPU
		{4DE580F2-3F11-4C24-B319-437875087DD3}.RSA|x64.Build.0 = Release|Any CPU
		{4DE580F2-3F11-4C24-B319-437875087DD3}.RSA|x86.ActiveCfg = Release|Any CPU
		{4DE580F2-3F11-4C24-B319-437875087DD3}.RSA|x86.Build.0 = Release|Any CPU
		{26CADEAD-AC55-41C9-98BF-D74D13B249D7}.AES|Any CPU.ActiveCfg = Release|Any CPU
		{26CADEAD-AC55-41C9-98BF-D74D13B249D7}.AES|Any CPU.Build.0 = Release|Any CPU
		{26CADEAD-AC55-41C9-98BF-D74D13B249D7}.AES|x64.ActiveCfg = Release|Any CPU
		{26CADEAD-AC55-41C9-98BF-D74D13B249D7}.AES|x64.Build.0 = Release|Any CPU
		{26CADEAD-AC55-41C9-98BF-D74D13B249D7}.AES|x86.ActiveCfg = Release|Any CPU
		{26CADEAD-AC55-41C9-98BF-D74D13B249D7}.AES|x86.Build.0 = Release|Any CPU
		{26CADEAD-AC55-41C9-98BF-D74D13B249D7}.Debug|Any CPU.ActiveCfg = Debug|Any CPU
		{26CADEAD-AC55-41C9-98BF-D74D13B249D7}.Debug|Any CPU.Build.0 = Debug|Any CPU
		{26CADEAD-AC55-41C9-98BF-D74D13B249D7}.Debug|x64.ActiveCfg = Debug|Any CPU
		{26CADEAD-AC55-41C9-98BF-D74D13B249D7}.Debug|x64.Build.0 = Debug|Any CPU
		{26CADEAD-AC55-41C9-98BF-D74D13B249D7}.Debug|x86.ActiveCfg = Debug|Any CPU
		{26CADEAD-AC55-41C9-98BF-D74D13B249D7}.Debug|x86.Build.0 = Debug|Any CPU
		{26CADEAD-AC55-41C9-98BF-D74D13B249D7}.DebugAES|Any CPU.ActiveCfg = Debug|Any CPU
		{26CADEAD-AC55-41C9-98BF-D74D13B249D7}.DebugAES|Any CPU.Build.0 = Debug|Any CPU
		{26CADEAD-AC55-41C9-98BF-D74D13B249D7}.DebugAES|x64.ActiveCfg = Debug|Any CPU
		{26CADEAD-AC55-41C9-98BF-D74D13B249D7}.DebugAES|x64.Build.0 = Debug|Any CPU
		{26CADEAD-AC55-41C9-98BF-D74D13B249D7}.DebugAES|x86.ActiveCfg = Debug|Any CPU
		{26CADEAD-AC55-41C9-98BF-D74D13B249D7}.DebugAES|x86.Build.0 = Debug|Any CPU
		{26CADEAD-AC55-41C9-98BF-D74D13B249D7}.DebugRsa|Any CPU.ActiveCfg = Debug|Any CPU
		{26CADEAD-AC55-41C9-98BF-D74D13B249D7}.DebugRsa|Any CPU.Build.0 = Debug|Any CPU
		{26CADEAD-AC55-41C9-98BF-D74D13B249D7}.DebugRsa|x64.ActiveCfg = Debug|Any CPU
		{26CADEAD-AC55-41C9-98BF-D74D13B249D7}.DebugRsa|x64.Build.0 = Debug|Any CPU
		{26CADEAD-AC55-41C9-98BF-D74D13B249D7}.DebugRsa|x86.ActiveCfg = Debug|Any CPU
		{26CADEAD-AC55-41C9-98BF-D74D13B249D7}.DebugRsa|x86.Build.0 = Debug|Any CPU
		{26CADEAD-AC55-41C9-98BF-D74D13B249D7}.Release|Any CPU.ActiveCfg = Release|Any CPU
		{26CADEAD-AC55-41C9-98BF-D74D13B249D7}.Release|Any CPU.Build.0 = Release|Any CPU
		{26CADEAD-AC55-41C9-98BF-D74D13B249D7}.Release|x64.ActiveCfg = Release|Any CPU
		{26CADEAD-AC55-41C9-98BF-D74D13B249D7}.Release|x64.Build.0 = Release|Any CPU
		{26CADEAD-AC55-41C9-98BF-D74D13B249D7}.Release|x86.ActiveCfg = Release|Any CPU
		{26CADEAD-AC55-41C9-98BF-D74D13B249D7}.Release|x86.Build.0 = Release|Any CPU
		{26CADEAD-AC55-41C9-98BF-D74D13B249D7}.RSA|Any CPU.ActiveCfg = Release|Any CPU
		{26CADEAD-AC55-41C9-98BF-D74D13B249D7}.RSA|Any CPU.Build.0 = Release|Any CPU
		{26CADEAD-AC55-41C9-98BF-D74D13B249D7}.RSA|x64.ActiveCfg = Release|Any CPU
		{26CADEAD-AC55-41C9-98BF-D74D13B249D7}.RSA|x64.Build.0 = Release|Any CPU
		{26CADEAD-AC55-41C9-98BF-D74D13B249D7}.RSA|x86.ActiveCfg = Release|Any CPU
		{26CADEAD-AC55-41C9-98BF-D74D13B249D7}.RSA|x86.Build.0 = Release|Any CPU
		{AFCB6FD5-3177-4D2A-888F-36BCD9832C22}.AES|Any CPU.ActiveCfg = Release|Any CPU
		{AFCB6FD5-3177-4D2A-888F-36BCD9832C22}.AES|Any CPU.Build.0 = Release|Any CPU
		{AFCB6FD5-3177-4D2A-888F-36BCD9832C22}.AES|x64.ActiveCfg = Release|Any CPU
		{AFCB6FD5-3177-4D2A-888F-36BCD9832C22}.AES|x64.Build.0 = Release|Any CPU
		{AFCB6FD5-3177-4D2A-888F-36BCD9832C22}.AES|x86.ActiveCfg = Release|Any CPU
		{AFCB6FD5-3177-4D2A-888F-36BCD9832C22}.AES|x86.Build.0 = Release|Any CPU
		{AFCB6FD5-3177-4D2A-888F-36BCD9832C22}.Debug|Any CPU.ActiveCfg = Debug|Any CPU
		{AFCB6FD5-3177-4D2A-888F-36BCD9832C22}.Debug|Any CPU.Build.0 = Debug|Any CPU
		{AFCB6FD5-3177-4D2A-888F-36BCD9832C22}.Debug|x64.ActiveCfg = Debug|Any CPU
		{AFCB6FD5-3177-4D2A-888F-36BCD9832C22}.Debug|x64.Build.0 = Debug|Any CPU
		{AFCB6FD5-3177-4D2A-888F-36BCD9832C22}.Debug|x86.ActiveCfg = Debug|Any CPU
		{AFCB6FD5-3177-4D2A-888F-36BCD9832C22}.Debug|x86.Build.0 = Debug|Any CPU
		{AFCB6FD5-3177-4D2A-888F-36BCD9832C22}.DebugAES|Any CPU.ActiveCfg = Debug|Any CPU
		{AFCB6FD5-3177-4D2A-888F-36BCD9832C22}.DebugAES|Any CPU.Build.0 = Debug|Any CPU
		{AFCB6FD5-3177-4D2A-888F-36BCD9832C22}.DebugAES|x64.ActiveCfg = Debug|Any CPU
		{AFCB6FD5-3177-4D2A-888F-36BCD9832C22}.DebugAES|x64.Build.0 = Debug|Any CPU
		{AFCB6FD5-3177-4D2A-888F-36BCD9832C22}.DebugAES|x86.ActiveCfg = Debug|Any CPU
		{AFCB6FD5-3177-4D2A-888F-36BCD9832C22}.DebugAES|x86.Build.0 = Debug|Any CPU
		{AFCB6FD5-3177-4D2A-888F-36BCD9832C22}.DebugRsa|Any CPU.ActiveCfg = Debug|Any CPU
		{AFCB6FD5-3177-4D2A-888F-36BCD9832C22}.DebugRsa|Any CPU.Build.0 = Debug|Any CPU
		{AFCB6FD5-3177-4D2A-888F-36BCD9832C22}.DebugRsa|x64.ActiveCfg = Debug|Any CPU
		{AFCB6FD5-3177-4D2A-888F-36BCD9832C22}.DebugRsa|x64.Build.0 = Debug|Any CPU
		{AFCB6FD5-3177-4D2A-888F-36BCD9832C22}.DebugRsa|x86.ActiveCfg = Debug|Any CPU
		{AFCB6FD5-3177-4D2A-888F-36BCD9832C22}.DebugRsa|x86.Build.0 = Debug|Any CPU
		{AFCB6FD5-3177-4D2A-888F-36BCD9832C22}.Release|Any CPU.ActiveCfg = Release|Any CPU
		{AFCB6FD5-3177-4D2A-888F-36BCD9832C22}.Release|Any CPU.Build.0 = Release|Any CPU
		{AFCB6FD5-3177-4D2A-888F-36BCD9832C22}.Release|x64.ActiveCfg = Release|Any CPU
		{AFCB6FD5-3177-4D2A-888F-36BCD9832C22}.Release|x64.Build.0 = Release|Any CPU
		{AFCB6FD5-3177-4D2A-888F-36BCD9832C22}.Release|x86.ActiveCfg = Release|Any CPU
		{AFCB6FD5-3177-4D2A-888F-36BCD9832C22}.Release|x86.Build.0 = Release|Any CPU
		{AFCB6FD5-3177-4D2A-888F-36BCD9832C22}.RSA|Any CPU.ActiveCfg = Release|Any CPU
		{AFCB6FD5-3177-4D2A-888F-36BCD9832C22}.RSA|Any CPU.Build.0 = Release|Any CPU
		{AFCB6FD5-3177-4D2A-888F-36BCD9832C22}.RSA|x64.ActiveCfg = Release|Any CPU
		{AFCB6FD5-3177-4D2A-888F-36BCD9832C22}.RSA|x64.Build.0 = Release|Any CPU
		{AFCB6FD5-3177-4D2A-888F-36BCD9832C22}.RSA|x86.ActiveCfg = Release|Any CPU
		{AFCB6FD5-3177-4D2A-888F-36BCD9832C22}.RSA|x86.Build.0 = Release|Any CPU
		{00114E82-8E6E-4DB7-8677-40DAC67C2A7A}.AES|Any CPU.ActiveCfg = Release|Any CPU
		{00114E82-8E6E-4DB7-8677-40DAC67C2A7A}.AES|Any CPU.Build.0 = Release|Any CPU
		{00114E82-8E6E-4DB7-8677-40DAC67C2A7A}.AES|x64.ActiveCfg = Release|Any CPU
		{00114E82-8E6E-4DB7-8677-40DAC67C2A7A}.AES|x64.Build.0 = Release|Any CPU
		{00114E82-8E6E-4DB7-8677-40DAC67C2A7A}.AES|x86.ActiveCfg = Release|Any CPU
		{00114E82-8E6E-4DB7-8677-40DAC67C2A7A}.AES|x86.Build.0 = Release|Any CPU
		{00114E82-8E6E-4DB7-8677-40DAC67C2A7A}.Debug|Any CPU.ActiveCfg = Debug|Any CPU
		{00114E82-8E6E-4DB7-8677-40DAC67C2A7A}.Debug|Any CPU.Build.0 = Debug|Any CPU
		{00114E82-8E6E-4DB7-8677-40DAC67C2A7A}.Debug|x64.ActiveCfg = Debug|Any CPU
		{00114E82-8E6E-4DB7-8677-40DAC67C2A7A}.Debug|x64.Build.0 = Debug|Any CPU
		{00114E82-8E6E-4DB7-8677-40DAC67C2A7A}.Debug|x86.ActiveCfg = Debug|Any CPU
		{00114E82-8E6E-4DB7-8677-40DAC67C2A7A}.Debug|x86.Build.0 = Debug|Any CPU
		{00114E82-8E6E-4DB7-8677-40DAC67C2A7A}.DebugAES|Any CPU.ActiveCfg = Debug|Any CPU
		{00114E82-8E6E-4DB7-8677-40DAC67C2A7A}.DebugAES|Any CPU.Build.0 = Debug|Any CPU
		{00114E82-8E6E-4DB7-8677-40DAC67C2A7A}.DebugAES|x64.ActiveCfg = Debug|Any CPU
		{00114E82-8E6E-4DB7-8677-40DAC67C2A7A}.DebugAES|x64.Build.0 = Debug|Any CPU
		{00114E82-8E6E-4DB7-8677-40DAC67C2A7A}.DebugAES|x86.ActiveCfg = Debug|Any CPU
		{00114E82-8E6E-4DB7-8677-40DAC67C2A7A}.DebugAES|x86.Build.0 = Debug|Any CPU
		{00114E82-8E6E-4DB7-8677-40DAC67C2A7A}.DebugRsa|Any CPU.ActiveCfg = Debug|Any CPU
		{00114E82-8E6E-4DB7-8677-40DAC67C2A7A}.DebugRsa|Any CPU.Build.0 = Debug|Any CPU
		{00114E82-8E6E-4DB7-8677-40DAC67C2A7A}.DebugRsa|x64.ActiveCfg = Debug|Any CPU
		{00114E82-8E6E-4DB7-8677-40DAC67C2A7A}.DebugRsa|x64.Build.0 = Debug|Any CPU
		{00114E82-8E6E-4DB7-8677-40DAC67C2A7A}.DebugRsa|x86.ActiveCfg = Debug|Any CPU
		{00114E82-8E6E-4DB7-8677-40DAC67C2A7A}.DebugRsa|x86.Build.0 = Debug|Any CPU
		{00114E82-8E6E-4DB7-8677-40DAC67C2A7A}.Release|Any CPU.ActiveCfg = Release|Any CPU
		{00114E82-8E6E-4DB7-8677-40DAC67C2A7A}.Release|Any CPU.Build.0 = Release|Any CPU
		{00114E82-8E6E-4DB7-8677-40DAC67C2A7A}.Release|x64.ActiveCfg = Release|Any CPU
		{00114E82-8E6E-4DB7-8677-40DAC67C2A7A}.Release|x64.Build.0 = Release|Any CPU
		{00114E82-8E6E-4DB7-8677-40DAC67C2A7A}.Release|x86.ActiveCfg = Release|Any CPU
		{00114E82-8E6E-4DB7-8677-40DAC67C2A7A}.Release|x86.Build.0 = Release|Any CPU
		{00114E82-8E6E-4DB7-8677-40DAC67C2A7A}.RSA|Any CPU.ActiveCfg = Release|Any CPU
		{00114E82-8E6E-4DB7-8677-40DAC67C2A7A}.RSA|Any CPU.Build.0 = Release|Any CPU
		{00114E82-8E6E-4DB7-8677-40DAC67C2A7A}.RSA|x64.ActiveCfg = Release|Any CPU
		{00114E82-8E6E-4DB7-8677-40DAC67C2A7A}.RSA|x64.Build.0 = Release|Any CPU
		{00114E82-8E6E-4DB7-8677-40DAC67C2A7A}.RSA|x86.ActiveCfg = Release|Any CPU
		{00114E82-8E6E-4DB7-8677-40DAC67C2A7A}.RSA|x86.Build.0 = Release|Any CPU
		{58C27D94-F8D9-4E6B-AC60-FD184747648A}.AES|Any CPU.ActiveCfg = Release|Any CPU
		{58C27D94-F8D9-4E6B-AC60-FD184747648A}.AES|Any CPU.Build.0 = Release|Any CPU
		{58C27D94-F8D9-4E6B-AC60-FD184747648A}.AES|x64.ActiveCfg = Release|Any CPU
		{58C27D94-F8D9-4E6B-AC60-FD184747648A}.AES|x64.Build.0 = Release|Any CPU
		{58C27D94-F8D9-4E6B-AC60-FD184747648A}.AES|x86.ActiveCfg = Release|Any CPU
		{58C27D94-F8D9-4E6B-AC60-FD184747648A}.AES|x86.Build.0 = Release|Any CPU
		{58C27D94-F8D9-4E6B-AC60-FD184747648A}.Debug|Any CPU.ActiveCfg = Debug|Any CPU
		{58C27D94-F8D9-4E6B-AC60-FD184747648A}.Debug|Any CPU.Build.0 = Debug|Any CPU
		{58C27D94-F8D9-4E6B-AC60-FD184747648A}.Debug|x64.ActiveCfg = Debug|Any CPU
		{58C27D94-F8D9-4E6B-AC60-FD184747648A}.Debug|x64.Build.0 = Debug|Any CPU
		{58C27D94-F8D9-4E6B-AC60-FD184747648A}.Debug|x86.ActiveCfg = Debug|Any CPU
		{58C27D94-F8D9-4E6B-AC60-FD184747648A}.Debug|x86.Build.0 = Debug|Any CPU
		{58C27D94-F8D9-4E6B-AC60-FD184747648A}.DebugAES|Any CPU.ActiveCfg = Debug|Any CPU
		{58C27D94-F8D9-4E6B-AC60-FD184747648A}.DebugAES|Any CPU.Build.0 = Debug|Any CPU
		{58C27D94-F8D9-4E6B-AC60-FD184747648A}.DebugAES|x64.ActiveCfg = Debug|Any CPU
		{58C27D94-F8D9-4E6B-AC60-FD184747648A}.DebugAES|x64.Build.0 = Debug|Any CPU
		{58C27D94-F8D9-4E6B-AC60-FD184747648A}.DebugAES|x86.ActiveCfg = Debug|Any CPU
		{58C27D94-F8D9-4E6B-AC60-FD184747648A}.DebugAES|x86.Build.0 = Debug|Any CPU
		{58C27D94-F8D9-4E6B-AC60-FD184747648A}.DebugRsa|Any CPU.ActiveCfg = Debug|Any CPU
		{58C27D94-F8D9-4E6B-AC60-FD184747648A}.DebugRsa|Any CPU.Build.0 = Debug|Any CPU
		{58C27D94-F8D9-4E6B-AC60-FD184747648A}.DebugRsa|x64.ActiveCfg = Debug|Any CPU
		{58C27D94-F8D9-4E6B-AC60-FD184747648A}.DebugRsa|x64.Build.0 = Debug|Any CPU
		{58C27D94-F8D9-4E6B-AC60-FD184747648A}.DebugRsa|x86.ActiveCfg = Debug|Any CPU
		{58C27D94-F8D9-4E6B-AC60-FD184747648A}.DebugRsa|x86.Build.0 = Debug|Any CPU
		{58C27D94-F8D9-4E6B-AC60-FD184747648A}.Release|Any CPU.ActiveCfg = Release|Any CPU
		{58C27D94-F8D9-4E6B-AC60-FD184747648A}.Release|Any CPU.Build.0 = Release|Any CPU
		{58C27D94-F8D9-4E6B-AC60-FD184747648A}.Release|x64.ActiveCfg = Release|Any CPU
		{58C27D94-F8D9-4E6B-AC60-FD184747648A}.Release|x64.Build.0 = Release|Any CPU
		{58C27D94-F8D9-4E6B-AC60-FD184747648A}.Release|x86.ActiveCfg = Release|Any CPU
		{58C27D94-F8D9-4E6B-AC60-FD184747648A}.Release|x86.Build.0 = Release|Any CPU
		{58C27D94-F8D9-4E6B-AC60-FD184747648A}.RSA|Any CPU.ActiveCfg = Release|Any CPU
		{58C27D94-F8D9-4E6B-AC60-FD184747648A}.RSA|Any CPU.Build.0 = Release|Any CPU
		{58C27D94-F8D9-4E6B-AC60-FD184747648A}.RSA|x64.ActiveCfg = Release|Any CPU
		{58C27D94-F8D9-4E6B-AC60-FD184747648A}.RSA|x64.Build.0 = Release|Any CPU
		{58C27D94-F8D9-4E6B-AC60-FD184747648A}.RSA|x86.ActiveCfg = Release|Any CPU
		{58C27D94-F8D9-4E6B-AC60-FD184747648A}.RSA|x86.Build.0 = Release|Any CPU
		{65B26D38-5257-45B5-B814-A2F0489B8D41}.AES|Any CPU.ActiveCfg = Release|Any CPU
		{65B26D38-5257-45B5-B814-A2F0489B8D41}.AES|Any CPU.Build.0 = Release|Any CPU
		{65B26D38-5257-45B5-B814-A2F0489B8D41}.AES|x64.ActiveCfg = Release|Any CPU
		{65B26D38-5257-45B5-B814-A2F0489B8D41}.AES|x64.Build.0 = Release|Any CPU
		{65B26D38-5257-45B5-B814-A2F0489B8D41}.AES|x86.ActiveCfg = Release|Any CPU
		{65B26D38-5257-45B5-B814-A2F0489B8D41}.AES|x86.Build.0 = Release|Any CPU
		{65B26D38-5257-45B5-B814-A2F0489B8D41}.Debug|Any CPU.ActiveCfg = Debug|Any CPU
		{65B26D38-5257-45B5-B814-A2F0489B8D41}.Debug|Any CPU.Build.0 = Debug|Any CPU
		{65B26D38-5257-45B5-B814-A2F0489B8D41}.Debug|x64.ActiveCfg = Debug|Any CPU
		{65B26D38-5257-45B5-B814-A2F0489B8D41}.Debug|x64.Build.0 = Debug|Any CPU
		{65B26D38-5257-45B5-B814-A2F0489B8D41}.Debug|x86.ActiveCfg = Debug|Any CPU
		{65B26D38-5257-45B5-B814-A2F0489B8D41}.Debug|x86.Build.0 = Debug|Any CPU
		{65B26D38-5257-45B5-B814-A2F0489B8D41}.DebugAES|Any CPU.ActiveCfg = Debug|Any CPU
		{65B26D38-5257-45B5-B814-A2F0489B8D41}.DebugAES|Any CPU.Build.0 = Debug|Any CPU
		{65B26D38-5257-45B5-B814-A2F0489B8D41}.DebugAES|x64.ActiveCfg = Debug|Any CPU
		{65B26D38-5257-45B5-B814-A2F0489B8D41}.DebugAES|x64.Build.0 = Debug|Any CPU
		{65B26D38-5257-45B5-B814-A2F0489B8D41}.DebugAES|x86.ActiveCfg = Debug|Any CPU
		{65B26D38-5257-45B5-B814-A2F0489B8D41}.DebugAES|x86.Build.0 = Debug|Any CPU
		{65B26D38-5257-45B5-B814-A2F0489B8D41}.DebugRsa|Any CPU.ActiveCfg = Debug|Any CPU
		{65B26D38-5257-45B5-B814-A2F0489B8D41}.DebugRsa|Any CPU.Build.0 = Debug|Any CPU
		{65B26D38-5257-45B5-B814-A2F0489B8D41}.DebugRsa|x64.ActiveCfg = Debug|Any CPU
		{65B26D38-5257-45B5-B814-A2F0489B8D41}.DebugRsa|x64.Build.0 = Debug|Any CPU
		{65B26D38-5257-45B5-B814-A2F0489B8D41}.DebugRsa|x86.ActiveCfg = Debug|Any CPU
		{65B26D38-5257-45B5-B814-A2F0489B8D41}.DebugRsa|x86.Build.0 = Debug|Any CPU
		{65B26D38-5257-45B5-B814-A2F0489B8D41}.Release|Any CPU.ActiveCfg = Release|Any CPU
		{65B26D38-5257-45B5-B814-A2F0489B8D41}.Release|Any CPU.Build.0 = Release|Any CPU
		{65B26D38-5257-45B5-B814-A2F0489B8D41}.Release|x64.ActiveCfg = Release|Any CPU
		{65B26D38-5257-45B5-B814-A2F0489B8D41}.Release|x64.Build.0 = Release|Any CPU
		{65B26D38-5257-45B5-B814-A2F0489B8D41}.Release|x86.ActiveCfg = Release|Any CPU
		{65B26D38-5257-45B5-B814-A2F0489B8D41}.Release|x86.Build.0 = Release|Any CPU
		{65B26D38-5257-45B5-B814-A2F0489B8D41}.RSA|Any CPU.ActiveCfg = Release|Any CPU
		{65B26D38-5257-45B5-B814-A2F0489B8D41}.RSA|Any CPU.Build.0 = Release|Any CPU
		{65B26D38-5257-45B5-B814-A2F0489B8D41}.RSA|x64.ActiveCfg = Release|Any CPU
		{65B26D38-5257-45B5-B814-A2F0489B8D41}.RSA|x64.Build.0 = Release|Any CPU
		{65B26D38-5257-45B5-B814-A2F0489B8D41}.RSA|x86.ActiveCfg = Release|Any CPU
		{65B26D38-5257-45B5-B814-A2F0489B8D41}.RSA|x86.Build.0 = Release|Any CPU
		{EFABEE46-3467-4BB3-A27C-7324F3C385F0}.AES|Any CPU.ActiveCfg = Release|Any CPU
		{EFABEE46-3467-4BB3-A27C-7324F3C385F0}.AES|Any CPU.Build.0 = Release|Any CPU
		{EFABEE46-3467-4BB3-A27C-7324F3C385F0}.AES|x64.ActiveCfg = Release|Any CPU
		{EFABEE46-3467-4BB3-A27C-7324F3C385F0}.AES|x64.Build.0 = Release|Any CPU
		{EFABEE46-3467-4BB3-A27C-7324F3C385F0}.AES|x86.ActiveCfg = Release|Any CPU
		{EFABEE46-3467-4BB3-A27C-7324F3C385F0}.AES|x86.Build.0 = Release|Any CPU
		{EFABEE46-3467-4BB3-A27C-7324F3C385F0}.Debug|Any CPU.ActiveCfg = Debug|Any CPU
		{EFABEE46-3467-4BB3-A27C-7324F3C385F0}.Debug|Any CPU.Build.0 = Debug|Any CPU
		{EFABEE46-3467-4BB3-A27C-7324F3C385F0}.Debug|x64.ActiveCfg = Debug|Any CPU
		{EFABEE46-3467-4BB3-A27C-7324F3C385F0}.Debug|x64.Build.0 = Debug|Any CPU
		{EFABEE46-3467-4BB3-A27C-7324F3C385F0}.Debug|x86.ActiveCfg = Debug|Any CPU
		{EFABEE46-3467-4BB3-A27C-7324F3C385F0}.Debug|x86.Build.0 = Debug|Any CPU
		{EFABEE46-3467-4BB3-A27C-7324F3C385F0}.DebugAES|Any CPU.ActiveCfg = Debug|Any CPU
		{EFABEE46-3467-4BB3-A27C-7324F3C385F0}.DebugAES|Any CPU.Build.0 = Debug|Any CPU
		{EFABEE46-3467-4BB3-A27C-7324F3C385F0}.DebugAES|x64.ActiveCfg = Debug|Any CPU
		{EFABEE46-3467-4BB3-A27C-7324F3C385F0}.DebugAES|x64.Build.0 = Debug|Any CPU
		{EFABEE46-3467-4BB3-A27C-7324F3C385F0}.DebugAES|x86.ActiveCfg = Debug|Any CPU
		{EFABEE46-3467-4BB3-A27C-7324F3C385F0}.DebugAES|x86.Build.0 = Debug|Any CPU
		{EFABEE46-3467-4BB3-A27C-7324F3C385F0}.DebugRsa|Any CPU.ActiveCfg = Debug|Any CPU
		{EFABEE46-3467-4BB3-A27C-7324F3C385F0}.DebugRsa|Any CPU.Build.0 = Debug|Any CPU
		{EFABEE46-3467-4BB3-A27C-7324F3C385F0}.DebugRsa|x64.ActiveCfg = Debug|Any CPU
		{EFABEE46-3467-4BB3-A27C-7324F3C385F0}.DebugRsa|x64.Build.0 = Debug|Any CPU
		{EFABEE46-3467-4BB3-A27C-7324F3C385F0}.DebugRsa|x86.ActiveCfg = Debug|Any CPU
		{EFABEE46-3467-4BB3-A27C-7324F3C385F0}.DebugRsa|x86.Build.0 = Debug|Any CPU
		{EFABEE46-3467-4BB3-A27C-7324F3C385F0}.Release|Any CPU.ActiveCfg = Release|Any CPU
		{EFABEE46-3467-4BB3-A27C-7324F3C385F0}.Release|Any CPU.Build.0 = Release|Any CPU
		{EFABEE46-3467-4BB3-A27C-7324F3C385F0}.Release|x64.ActiveCfg = Release|Any CPU
		{EFABEE46-3467-4BB3-A27C-7324F3C385F0}.Release|x64.Build.0 = Release|Any CPU
		{EFABEE46-3467-4BB3-A27C-7324F3C385F0}.Release|x86.ActiveCfg = Release|Any CPU
		{EFABEE46-3467-4BB3-A27C-7324F3C385F0}.Release|x86.Build.0 = Release|Any CPU
		{EFABEE46-3467-4BB3-A27C-7324F3C385F0}.RSA|Any CPU.ActiveCfg = Release|Any CPU
		{EFABEE46-3467-4BB3-A27C-7324F3C385F0}.RSA|Any CPU.Build.0 = Release|Any CPU
		{EFABEE46-3467-4BB3-A27C-7324F3C385F0}.RSA|x64.ActiveCfg = Release|Any CPU
		{EFABEE46-3467-4BB3-A27C-7324F3C385F0}.RSA|x64.Build.0 = Release|Any CPU
		{EFABEE46-3467-4BB3-A27C-7324F3C385F0}.RSA|x86.ActiveCfg = Release|Any CPU
		{EFABEE46-3467-4BB3-A27C-7324F3C385F0}.RSA|x86.Build.0 = Release|Any CPU
		{8B84ED56-B5EE-458F-8E1C-A029E69C75E7}.AES|Any CPU.ActiveCfg = Release|Any CPU
		{8B84ED56-B5EE-458F-8E1C-A029E69C75E7}.AES|Any CPU.Build.0 = Release|Any CPU
		{8B84ED56-B5EE-458F-8E1C-A029E69C75E7}.AES|x64.ActiveCfg = Release|Any CPU
		{8B84ED56-B5EE-458F-8E1C-A029E69C75E7}.AES|x64.Build.0 = Release|Any CPU
		{8B84ED56-B5EE-458F-8E1C-A029E69C75E7}.AES|x86.ActiveCfg = Release|Any CPU
		{8B84ED56-B5EE-458F-8E1C-A029E69C75E7}.AES|x86.Build.0 = Release|Any CPU
		{8B84ED56-B5EE-458F-8E1C-A029E69C75E7}.Debug|Any CPU.ActiveCfg = Debug|Any CPU
		{8B84ED56-B5EE-458F-8E1C-A029E69C75E7}.Debug|Any CPU.Build.0 = Debug|Any CPU
		{8B84ED56-B5EE-458F-8E1C-A029E69C75E7}.Debug|x64.ActiveCfg = Debug|Any CPU
		{8B84ED56-B5EE-458F-8E1C-A029E69C75E7}.Debug|x64.Build.0 = Debug|Any CPU
		{8B84ED56-B5EE-458F-8E1C-A029E69C75E7}.Debug|x86.ActiveCfg = Debug|Any CPU
		{8B84ED56-B5EE-458F-8E1C-A029E69C75E7}.Debug|x86.Build.0 = Debug|Any CPU
		{8B84ED56-B5EE-458F-8E1C-A029E69C75E7}.DebugAES|Any CPU.ActiveCfg = Debug|Any CPU
		{8B84ED56-B5EE-458F-8E1C-A029E69C75E7}.DebugAES|Any CPU.Build.0 = Debug|Any CPU
		{8B84ED56-B5EE-458F-8E1C-A029E69C75E7}.DebugAES|x64.ActiveCfg = Debug|Any CPU
		{8B84ED56-B5EE-458F-8E1C-A029E69C75E7}.DebugAES|x64.Build.0 = Debug|Any CPU
		{8B84ED56-B5EE-458F-8E1C-A029E69C75E7}.DebugAES|x86.ActiveCfg = Debug|Any CPU
		{8B84ED56-B5EE-458F-8E1C-A029E69C75E7}.DebugAES|x86.Build.0 = Debug|Any CPU
		{8B84ED56-B5EE-458F-8E1C-A029E69C75E7}.DebugRsa|Any CPU.ActiveCfg = Debug|Any CPU
		{8B84ED56-B5EE-458F-8E1C-A029E69C75E7}.DebugRsa|Any CPU.Build.0 = Debug|Any CPU
		{8B84ED56-B5EE-458F-8E1C-A029E69C75E7}.DebugRsa|x64.ActiveCfg = Debug|Any CPU
		{8B84ED56-B5EE-458F-8E1C-A029E69C75E7}.DebugRsa|x64.Build.0 = Debug|Any CPU
		{8B84ED56-B5EE-458F-8E1C-A029E69C75E7}.DebugRsa|x86.ActiveCfg = Debug|Any CPU
		{8B84ED56-B5EE-458F-8E1C-A029E69C75E7}.DebugRsa|x86.Build.0 = Debug|Any CPU
		{8B84ED56-B5EE-458F-8E1C-A029E69C75E7}.Release|Any CPU.ActiveCfg = Release|Any CPU
		{8B84ED56-B5EE-458F-8E1C-A029E69C75E7}.Release|Any CPU.Build.0 = Release|Any CPU
		{8B84ED56-B5EE-458F-8E1C-A029E69C75E7}.Release|x64.ActiveCfg = Release|Any CPU
		{8B84ED56-B5EE-458F-8E1C-A029E69C75E7}.Release|x64.Build.0 = Release|Any CPU
		{8B84ED56-B5EE-458F-8E1C-A029E69C75E7}.Release|x86.ActiveCfg = Release|Any CPU
		{8B84ED56-B5EE-458F-8E1C-A029E69C75E7}.Release|x86.Build.0 = Release|Any CPU
		{8B84ED56-B5EE-458F-8E1C-A029E69C75E7}.RSA|Any CPU.ActiveCfg = Release|Any CPU
		{8B84ED56-B5EE-458F-8E1C-A029E69C75E7}.RSA|Any CPU.Build.0 = Release|Any CPU
		{8B84ED56-B5EE-458F-8E1C-A029E69C75E7}.RSA|x64.ActiveCfg = Release|Any CPU
		{8B84ED56-B5EE-458F-8E1C-A029E69C75E7}.RSA|x64.Build.0 = Release|Any CPU
		{8B84ED56-B5EE-458F-8E1C-A029E69C75E7}.RSA|x86.ActiveCfg = Release|Any CPU
		{8B84ED56-B5EE-458F-8E1C-A029E69C75E7}.RSA|x86.Build.0 = Release|Any CPU
		{67498EFA-91FE-413E-B246-D6B28280C7FD}.AES|Any CPU.ActiveCfg = Release|Any CPU
		{67498EFA-91FE-413E-B246-D6B28280C7FD}.AES|Any CPU.Build.0 = Release|Any CPU
		{67498EFA-91FE-413E-B246-D6B28280C7FD}.AES|x64.ActiveCfg = Release|Any CPU
		{67498EFA-91FE-413E-B246-D6B28280C7FD}.AES|x64.Build.0 = Release|Any CPU
		{67498EFA-91FE-413E-B246-D6B28280C7FD}.AES|x86.ActiveCfg = Release|Any CPU
		{67498EFA-91FE-413E-B246-D6B28280C7FD}.AES|x86.Build.0 = Release|Any CPU
		{67498EFA-91FE-413E-B246-D6B28280C7FD}.Debug|Any CPU.ActiveCfg = Debug|Any CPU
		{67498EFA-91FE-413E-B246-D6B28280C7FD}.Debug|Any CPU.Build.0 = Debug|Any CPU
		{67498EFA-91FE-413E-B246-D6B28280C7FD}.Debug|x64.ActiveCfg = Debug|Any CPU
		{67498EFA-91FE-413E-B246-D6B28280C7FD}.Debug|x64.Build.0 = Debug|Any CPU
		{67498EFA-91FE-413E-B246-D6B28280C7FD}.Debug|x86.ActiveCfg = Debug|Any CPU
		{67498EFA-91FE-413E-B246-D6B28280C7FD}.Debug|x86.Build.0 = Debug|Any CPU
		{67498EFA-91FE-413E-B246-D6B28280C7FD}.DebugAES|Any CPU.ActiveCfg = Debug|Any CPU
		{67498EFA-91FE-413E-B246-D6B28280C7FD}.DebugAES|Any CPU.Build.0 = Debug|Any CPU
		{67498EFA-91FE-413E-B246-D6B28280C7FD}.DebugAES|x64.ActiveCfg = Debug|Any CPU
		{67498EFA-91FE-413E-B246-D6B28280C7FD}.DebugAES|x64.Build.0 = Debug|Any CPU
		{67498EFA-91FE-413E-B246-D6B28280C7FD}.DebugAES|x86.ActiveCfg = Debug|Any CPU
		{67498EFA-91FE-413E-B246-D6B28280C7FD}.DebugAES|x86.Build.0 = Debug|Any CPU
		{67498EFA-91FE-413E-B246-D6B28280C7FD}.DebugRsa|Any CPU.ActiveCfg = Debug|Any CPU
		{67498EFA-91FE-413E-B246-D6B28280C7FD}.DebugRsa|Any CPU.Build.0 = Debug|Any CPU
		{67498EFA-91FE-413E-B246-D6B28280C7FD}.DebugRsa|x64.ActiveCfg = Debug|Any CPU
		{67498EFA-91FE-413E-B246-D6B28280C7FD}.DebugRsa|x64.Build.0 = Debug|Any CPU
		{67498EFA-91FE-413E-B246-D6B28280C7FD}.DebugRsa|x86.ActiveCfg = Debug|Any CPU
		{67498EFA-91FE-413E-B246-D6B28280C7FD}.DebugRsa|x86.Build.0 = Debug|Any CPU
		{67498EFA-91FE-413E-B246-D6B28280C7FD}.Release|Any CPU.ActiveCfg = Release|Any CPU
		{67498EFA-91FE-413E-B246-D6B28280C7FD}.Release|Any CPU.Build.0 = Release|Any CPU
		{67498EFA-91FE-413E-B246-D6B28280C7FD}.Release|x64.ActiveCfg = Release|Any CPU
		{67498EFA-91FE-413E-B246-D6B28280C7FD}.Release|x64.Build.0 = Release|Any CPU
		{67498EFA-91FE-413E-B246-D6B28280C7FD}.Release|x86.ActiveCfg = Release|Any CPU
		{67498EFA-91FE-413E-B246-D6B28280C7FD}.Release|x86.Build.0 = Release|Any CPU
		{67498EFA-91FE-413E-B246-D6B28280C7FD}.RSA|Any CPU.ActiveCfg = Release|Any CPU
		{67498EFA-91FE-413E-B246-D6B28280C7FD}.RSA|Any CPU.Build.0 = Release|Any CPU
		{67498EFA-91FE-413E-B246-D6B28280C7FD}.RSA|x64.ActiveCfg = Release|Any CPU
		{67498EFA-91FE-413E-B246-D6B28280C7FD}.RSA|x64.Build.0 = Release|Any CPU
		{67498EFA-91FE-413E-B246-D6B28280C7FD}.RSA|x86.ActiveCfg = Release|Any CPU
		{67498EFA-91FE-413E-B246-D6B28280C7FD}.RSA|x86.Build.0 = Release|Any CPU
		{7CF7CCE8-630B-40A6-BC24-476E9CE5934E}.AES|Any CPU.ActiveCfg = Release|Any CPU
		{7CF7CCE8-630B-40A6-BC24-476E9CE5934E}.AES|Any CPU.Build.0 = Release|Any CPU
		{7CF7CCE8-630B-40A6-BC24-476E9CE5934E}.AES|x64.ActiveCfg = Release|Any CPU
		{7CF7CCE8-630B-40A6-BC24-476E9CE5934E}.AES|x64.Build.0 = Release|Any CPU
		{7CF7CCE8-630B-40A6-BC24-476E9CE5934E}.AES|x86.ActiveCfg = Release|Any CPU
		{7CF7CCE8-630B-40A6-BC24-476E9CE5934E}.AES|x86.Build.0 = Release|Any CPU
		{7CF7CCE8-630B-40A6-BC24-476E9CE5934E}.Debug|Any CPU.ActiveCfg = Debug|Any CPU
		{7CF7CCE8-630B-40A6-BC24-476E9CE5934E}.Debug|Any CPU.Build.0 = Debug|Any CPU
		{7CF7CCE8-630B-40A6-BC24-476E9CE5934E}.Debug|x64.ActiveCfg = Debug|Any CPU
		{7CF7CCE8-630B-40A6-BC24-476E9CE5934E}.Debug|x64.Build.0 = Debug|Any CPU
		{7CF7CCE8-630B-40A6-BC24-476E9CE5934E}.Debug|x86.ActiveCfg = Debug|Any CPU
		{7CF7CCE8-630B-40A6-BC24-476E9CE5934E}.Debug|x86.Build.0 = Debug|Any CPU
		{7CF7CCE8-630B-40A6-BC24-476E9CE5934E}.DebugAES|Any CPU.ActiveCfg = Debug|Any CPU
		{7CF7CCE8-630B-40A6-BC24-476E9CE5934E}.DebugAES|Any CPU.Build.0 = Debug|Any CPU
		{7CF7CCE8-630B-40A6-BC24-476E9CE5934E}.DebugAES|x64.ActiveCfg = Debug|Any CPU
		{7CF7CCE8-630B-40A6-BC24-476E9CE5934E}.DebugAES|x64.Build.0 = Debug|Any CPU
		{7CF7CCE8-630B-40A6-BC24-476E9CE5934E}.DebugAES|x86.ActiveCfg = Debug|Any CPU
		{7CF7CCE8-630B-40A6-BC24-476E9CE5934E}.DebugAES|x86.Build.0 = Debug|Any CPU
		{7CF7CCE8-630B-40A6-BC24-476E9CE5934E}.DebugRsa|Any CPU.ActiveCfg = Debug|Any CPU
		{7CF7CCE8-630B-40A6-BC24-476E9CE5934E}.DebugRsa|Any CPU.Build.0 = Debug|Any CPU
		{7CF7CCE8-630B-40A6-BC24-476E9CE5934E}.DebugRsa|x64.ActiveCfg = Debug|Any CPU
		{7CF7CCE8-630B-40A6-BC24-476E9CE5934E}.DebugRsa|x64.Build.0 = Debug|Any CPU
		{7CF7CCE8-630B-40A6-BC24-476E9CE5934E}.DebugRsa|x86.ActiveCfg = Debug|Any CPU
		{7CF7CCE8-630B-40A6-BC24-476E9CE5934E}.DebugRsa|x86.Build.0 = Debug|Any CPU
		{7CF7CCE8-630B-40A6-BC24-476E9CE5934E}.Release|Any CPU.ActiveCfg = Release|Any CPU
		{7CF7CCE8-630B-40A6-BC24-476E9CE5934E}.Release|Any CPU.Build.0 = Release|Any CPU
		{7CF7CCE8-630B-40A6-BC24-476E9CE5934E}.Release|x64.ActiveCfg = Release|Any CPU
		{7CF7CCE8-630B-40A6-BC24-476E9CE5934E}.Release|x64.Build.0 = Release|Any CPU
		{7CF7CCE8-630B-40A6-BC24-476E9CE5934E}.Release|x86.ActiveCfg = Release|Any CPU
		{7CF7CCE8-630B-40A6-BC24-476E9CE5934E}.Release|x86.Build.0 = Release|Any CPU
		{7CF7CCE8-630B-40A6-BC24-476E9CE5934E}.RSA|Any CPU.ActiveCfg = Release|Any CPU
		{7CF7CCE8-630B-40A6-BC24-476E9CE5934E}.RSA|Any CPU.Build.0 = Release|Any CPU
		{7CF7CCE8-630B-40A6-BC24-476E9CE5934E}.RSA|x64.ActiveCfg = Release|Any CPU
		{7CF7CCE8-630B-40A6-BC24-476E9CE5934E}.RSA|x64.Build.0 = Release|Any CPU
		{7CF7CCE8-630B-40A6-BC24-476E9CE5934E}.RSA|x86.ActiveCfg = Release|Any CPU
		{7CF7CCE8-630B-40A6-BC24-476E9CE5934E}.RSA|x86.Build.0 = Release|Any CPU
		{7AF6D65A-FDDE-4991-AEA6-D6F6C02449E2}.AES|Any CPU.ActiveCfg = Release|Any CPU
		{7AF6D65A-FDDE-4991-AEA6-D6F6C02449E2}.AES|Any CPU.Build.0 = Release|Any CPU
		{7AF6D65A-FDDE-4991-AEA6-D6F6C02449E2}.AES|x64.ActiveCfg = Release|Any CPU
		{7AF6D65A-FDDE-4991-AEA6-D6F6C02449E2}.AES|x64.Build.0 = Release|Any CPU
		{7AF6D65A-FDDE-4991-AEA6-D6F6C02449E2}.AES|x86.ActiveCfg = Release|Any CPU
		{7AF6D65A-FDDE-4991-AEA6-D6F6C02449E2}.AES|x86.Build.0 = Release|Any CPU
		{7AF6D65A-FDDE-4991-AEA6-D6F6C02449E2}.Debug|Any CPU.ActiveCfg = Debug|Any CPU
		{7AF6D65A-FDDE-4991-AEA6-D6F6C02449E2}.Debug|Any CPU.Build.0 = Debug|Any CPU
		{7AF6D65A-FDDE-4991-AEA6-D6F6C02449E2}.Debug|x64.ActiveCfg = Debug|Any CPU
		{7AF6D65A-FDDE-4991-AEA6-D6F6C02449E2}.Debug|x64.Build.0 = Debug|Any CPU
		{7AF6D65A-FDDE-4991-AEA6-D6F6C02449E2}.Debug|x86.ActiveCfg = Debug|Any CPU
		{7AF6D65A-FDDE-4991-AEA6-D6F6C02449E2}.Debug|x86.Build.0 = Debug|Any CPU
		{7AF6D65A-FDDE-4991-AEA6-D6F6C02449E2}.DebugAES|Any CPU.ActiveCfg = Debug|Any CPU
		{7AF6D65A-FDDE-4991-AEA6-D6F6C02449E2}.DebugAES|Any CPU.Build.0 = Debug|Any CPU
		{7AF6D65A-FDDE-4991-AEA6-D6F6C02449E2}.DebugAES|x64.ActiveCfg = Debug|Any CPU
		{7AF6D65A-FDDE-4991-AEA6-D6F6C02449E2}.DebugAES|x64.Build.0 = Debug|Any CPU
		{7AF6D65A-FDDE-4991-AEA6-D6F6C02449E2}.DebugAES|x86.ActiveCfg = Debug|Any CPU
		{7AF6D65A-FDDE-4991-AEA6-D6F6C02449E2}.DebugAES|x86.Build.0 = Debug|Any CPU
		{7AF6D65A-FDDE-4991-AEA6-D6F6C02449E2}.DebugRsa|Any CPU.ActiveCfg = Debug|Any CPU
		{7AF6D65A-FDDE-4991-AEA6-D6F6C02449E2}.DebugRsa|Any CPU.Build.0 = Debug|Any CPU
		{7AF6D65A-FDDE-4991-AEA6-D6F6C02449E2}.DebugRsa|x64.ActiveCfg = Debug|Any CPU
		{7AF6D65A-FDDE-4991-AEA6-D6F6C02449E2}.DebugRsa|x64.Build.0 = Debug|Any CPU
		{7AF6D65A-FDDE-4991-AEA6-D6F6C02449E2}.DebugRsa|x86.ActiveCfg = Debug|Any CPU
		{7AF6D65A-FDDE-4991-AEA6-D6F6C02449E2}.DebugRsa|x86.Build.0 = Debug|Any CPU
		{7AF6D65A-FDDE-4991-AEA6-D6F6C02449E2}.Release|Any CPU.ActiveCfg = Release|Any CPU
		{7AF6D65A-FDDE-4991-AEA6-D6F6C02449E2}.Release|Any CPU.Build.0 = Release|Any CPU
		{7AF6D65A-FDDE-4991-AEA6-D6F6C02449E2}.Release|x64.ActiveCfg = Release|Any CPU
		{7AF6D65A-FDDE-4991-AEA6-D6F6C02449E2}.Release|x64.Build.0 = Release|Any CPU
		{7AF6D65A-FDDE-4991-AEA6-D6F6C02449E2}.Release|x86.ActiveCfg = Release|Any CPU
		{7AF6D65A-FDDE-4991-AEA6-D6F6C02449E2}.Release|x86.Build.0 = Release|Any CPU
		{7AF6D65A-FDDE-4991-AEA6-D6F6C02449E2}.RSA|Any CPU.ActiveCfg = Release|Any CPU
		{7AF6D65A-FDDE-4991-AEA6-D6F6C02449E2}.RSA|Any CPU.Build.0 = Release|Any CPU
		{7AF6D65A-FDDE-4991-AEA6-D6F6C02449E2}.RSA|x64.ActiveCfg = Release|Any CPU
		{7AF6D65A-FDDE-4991-AEA6-D6F6C02449E2}.RSA|x64.Build.0 = Release|Any CPU
		{7AF6D65A-FDDE-4991-AEA6-D6F6C02449E2}.RSA|x86.ActiveCfg = Release|Any CPU
		{7AF6D65A-FDDE-4991-AEA6-D6F6C02449E2}.RSA|x86.Build.0 = Release|Any CPU
		{B7F104E0-B1D6-4DF3-B575-09EE1E27A1A1}.AES|Any CPU.ActiveCfg = Release|Any CPU
		{B7F104E0-B1D6-4DF3-B575-09EE1E27A1A1}.AES|Any CPU.Build.0 = Release|Any CPU
		{B7F104E0-B1D6-4DF3-B575-09EE1E27A1A1}.AES|x64.ActiveCfg = Release|Any CPU
		{B7F104E0-B1D6-4DF3-B575-09EE1E27A1A1}.AES|x64.Build.0 = Release|Any CPU
		{B7F104E0-B1D6-4DF3-B575-09EE1E27A1A1}.AES|x86.ActiveCfg = Release|Any CPU
		{B7F104E0-B1D6-4DF3-B575-09EE1E27A1A1}.AES|x86.Build.0 = Release|Any CPU
		{B7F104E0-B1D6-4DF3-B575-09EE1E27A1A1}.Debug|Any CPU.ActiveCfg = Debug|Any CPU
		{B7F104E0-B1D6-4DF3-B575-09EE1E27A1A1}.Debug|Any CPU.Build.0 = Debug|Any CPU
		{B7F104E0-B1D6-4DF3-B575-09EE1E27A1A1}.Debug|x64.ActiveCfg = Debug|Any CPU
		{B7F104E0-B1D6-4DF3-B575-09EE1E27A1A1}.Debug|x64.Build.0 = Debug|Any CPU
		{B7F104E0-B1D6-4DF3-B575-09EE1E27A1A1}.Debug|x86.ActiveCfg = Debug|Any CPU
		{B7F104E0-B1D6-4DF3-B575-09EE1E27A1A1}.Debug|x86.Build.0 = Debug|Any CPU
		{B7F104E0-B1D6-4DF3-B575-09EE1E27A1A1}.DebugAES|Any CPU.ActiveCfg = Debug|Any CPU
		{B7F104E0-B1D6-4DF3-B575-09EE1E27A1A1}.DebugAES|Any CPU.Build.0 = Debug|Any CPU
		{B7F104E0-B1D6-4DF3-B575-09EE1E27A1A1}.DebugAES|x64.ActiveCfg = Debug|Any CPU
		{B7F104E0-B1D6-4DF3-B575-09EE1E27A1A1}.DebugAES|x64.Build.0 = Debug|Any CPU
		{B7F104E0-B1D6-4DF3-B575-09EE1E27A1A1}.DebugAES|x86.ActiveCfg = Debug|Any CPU
		{B7F104E0-B1D6-4DF3-B575-09EE1E27A1A1}.DebugAES|x86.Build.0 = Debug|Any CPU
		{B7F104E0-B1D6-4DF3-B575-09EE1E27A1A1}.DebugRsa|Any CPU.ActiveCfg = Debug|Any CPU
		{B7F104E0-B1D6-4DF3-B575-09EE1E27A1A1}.DebugRsa|Any CPU.Build.0 = Debug|Any CPU
		{B7F104E0-B1D6-4DF3-B575-09EE1E27A1A1}.DebugRsa|x64.ActiveCfg = Debug|Any CPU
		{B7F104E0-B1D6-4DF3-B575-09EE1E27A1A1}.DebugRsa|x64.Build.0 = Debug|Any CPU
		{B7F104E0-B1D6-4DF3-B575-09EE1E27A1A1}.DebugRsa|x86.ActiveCfg = Debug|Any CPU
		{B7F104E0-B1D6-4DF3-B575-09EE1E27A1A1}.DebugRsa|x86.Build.0 = Debug|Any CPU
		{B7F104E0-B1D6-4DF3-B575-09EE1E27A1A1}.Release|Any CPU.ActiveCfg = Release|Any CPU
		{B7F104E0-B1D6-4DF3-B575-09EE1E27A1A1}.Release|Any CPU.Build.0 = Release|Any CPU
		{B7F104E0-B1D6-4DF3-B575-09EE1E27A1A1}.Release|x64.ActiveCfg = Release|Any CPU
		{B7F104E0-B1D6-4DF3-B575-09EE1E27A1A1}.Release|x64.Build.0 = Release|Any CPU
		{B7F104E0-B1D6-4DF3-B575-09EE1E27A1A1}.Release|x86.ActiveCfg = Release|Any CPU
		{B7F104E0-B1D6-4DF3-B575-09EE1E27A1A1}.Release|x86.Build.0 = Release|Any CPU
		{B7F104E0-B1D6-4DF3-B575-09EE1E27A1A1}.RSA|Any CPU.ActiveCfg = Release|Any CPU
		{B7F104E0-B1D6-4DF3-B575-09EE1E27A1A1}.RSA|Any CPU.Build.0 = Release|Any CPU
		{B7F104E0-B1D6-4DF3-B575-09EE1E27A1A1}.RSA|x64.ActiveCfg = Release|Any CPU
		{B7F104E0-B1D6-4DF3-B575-09EE1E27A1A1}.RSA|x64.Build.0 = Release|Any CPU
		{B7F104E0-B1D6-4DF3-B575-09EE1E27A1A1}.RSA|x86.ActiveCfg = Release|Any CPU
		{B7F104E0-B1D6-4DF3-B575-09EE1E27A1A1}.RSA|x86.Build.0 = Release|Any CPU
	EndGlobalSection
	GlobalSection(SolutionProperties) = preSolution
		HideSolutionNode = FALSE
	EndGlobalSection
	GlobalSection(NestedProjects) = preSolution
		{B184A3D6-4DE6-43B4-9333-EDC6FF671BBB} = {D3C70845-C4F4-4779-9121-EE9352F77FC2}
		{B4D41375-0CA6-4D25-B527-5EB0427ACA5A} = {6E7417DF-5272-430D-AA5A-7E40A45E8E45}
		{D3C70845-C4F4-4779-9121-EE9352F77FC2} = {6E7417DF-5272-430D-AA5A-7E40A45E8E45}
		{1CD2B4F5-3DA0-4DDB-ADF3-812C3ADF66E1} = {B4D41375-0CA6-4D25-B527-5EB0427ACA5A}
		{6B5B0CB5-312F-4DFF-894B-02FC455BE010} = {1CD2B4F5-3DA0-4DDB-ADF3-812C3ADF66E1}
		{618EDF4A-698F-4020-A726-F4BA1496A872} = {B4D41375-0CA6-4D25-B527-5EB0427ACA5A}
		{0CCA2999-106B-419A-9927-F5FA3180639D} = {618EDF4A-698F-4020-A726-F4BA1496A872}
		{9873C13E-AF1C-4D4A-A7EA-B02BAC99B9ED} = {B4D41375-0CA6-4D25-B527-5EB0427ACA5A}
		{32174F4E-9940-44E6-AD2F-8220F4BAD9CA} = {9873C13E-AF1C-4D4A-A7EA-B02BAC99B9ED}
		{58770CF2-8C82-4BB8-8CBF-AB015808922F} = {9873C13E-AF1C-4D4A-A7EA-B02BAC99B9ED}
		{FD26A503-9D90-4BAD-9F80-0D9B309C9D1F} = {9873C13E-AF1C-4D4A-A7EA-B02BAC99B9ED}
		{B9A31819-7CBF-4532-95CC-2DC8E1A87E94} = {B4D41375-0CA6-4D25-B527-5EB0427ACA5A}
		{31DEAF23-E4C4-4022-B9DB-A13C5D96F7F7} = {B9A31819-7CBF-4532-95CC-2DC8E1A87E94}
		{69E195C4-BF7E-40CB-8B1A-B30321FC70A3} = {B4D41375-0CA6-4D25-B527-5EB0427ACA5A}
		{076C6822-F170-4B6D-A3A5-6048B56135AC} = {69E195C4-BF7E-40CB-8B1A-B30321FC70A3}
		{750D24C9-A576-4619-9E52-18B4214294B7} = {B4D41375-0CA6-4D25-B527-5EB0427ACA5A}
		{DFE778EF-EB77-4787-BBB1-1CE62F4C181D} = {750D24C9-A576-4619-9E52-18B4214294B7}
		{EA41FB05-74EA-451F-AC70-707FF17B36BE} = {750D24C9-A576-4619-9E52-18B4214294B7}
		{58972EFE-7678-47F0-96C0-CADC5CD3CBB7} = {750D24C9-A576-4619-9E52-18B4214294B7}
		{A82800BE-E507-40E3-A472-60F99C9432B9} = {B4D41375-0CA6-4D25-B527-5EB0427ACA5A}
		{44608986-A141-45A3-92A6-EF1B1633DB1E} = {A82800BE-E507-40E3-A472-60F99C9432B9}
		{F35112F5-0584-420B-BEF1-C435AD24DC4C} = {A82800BE-E507-40E3-A472-60F99C9432B9}
		{AA923C43-FE04-48DD-A6F4-7938ADD9C0D5} = {A82800BE-E507-40E3-A472-60F99C9432B9}
		{4DE580F2-3F11-4C24-B319-437875087DD3} = {B4D41375-0CA6-4D25-B527-5EB0427ACA5A}
		{26CADEAD-AC55-41C9-98BF-D74D13B249D7} = {B4D41375-0CA6-4D25-B527-5EB0427ACA5A}
		{AFCB6FD5-3177-4D2A-888F-36BCD9832C22} = {B4D41375-0CA6-4D25-B527-5EB0427ACA5A}
		{00114E82-8E6E-4DB7-8677-40DAC67C2A7A} = {B4D41375-0CA6-4D25-B527-5EB0427ACA5A}
		{58C27D94-F8D9-4E6B-AC60-FD184747648A} = {B4D41375-0CA6-4D25-B527-5EB0427ACA5A}
		{65B26D38-5257-45B5-B814-A2F0489B8D41} = {B4D41375-0CA6-4D25-B527-5EB0427ACA5A}
		{EFABEE46-3467-4BB3-A27C-7324F3C385F0} = {B4D41375-0CA6-4D25-B527-5EB0427ACA5A}
		{8B84ED56-B5EE-458F-8E1C-A029E69C75E7} = {B4D41375-0CA6-4D25-B527-5EB0427ACA5A}
		{67498EFA-91FE-413E-B246-D6B28280C7FD} = {B4D41375-0CA6-4D25-B527-5EB0427ACA5A}
		{7CF7CCE8-630B-40A6-BC24-476E9CE5934E} = {1CD2B4F5-3DA0-4DDB-ADF3-812C3ADF66E1}
		{7AF6D65A-FDDE-4991-AEA6-D6F6C02449E2} = {1CD2B4F5-3DA0-4DDB-ADF3-812C3ADF66E1}
		{B7F104E0-B1D6-4DF3-B575-09EE1E27A1A1} = {1CD2B4F5-3DA0-4DDB-ADF3-812C3ADF66E1}
	EndGlobalSection
	GlobalSection(ExtensibilityGlobals) = postSolution
		SolutionGuid = {E7DAF412-DF11-4925-AF1E-5168B0910EC3}
	EndGlobalSection
EndGlobal
